<?xml version="1.0" encoding="utf-8"?>
<Project ToolsVersion="4.0" xmlns="http://schemas.microsoft.com/developer/msbuild/2003">
  <ItemGroup>
    <Filter Include="Source Files">
      <UniqueIdentifier>{a8a76030-87e2-4336-a4d5-d075835c4eff}</UniqueIdentifier>
    </Filter>
    <Filter Include="Header Files">
      <UniqueIdentifier>{eced039a-176d-44c5-8750-b2b4b5dd1f29}</UniqueIdentifier>
    </Filter>
    <Filter Include="Generated Files">
      <UniqueIdentifier>{529a6b10-b03e-4da8-9cdc-1894f3f48f4c}</UniqueIdentifier>
    </Filter>
    <Filter Include="Forms">
      <UniqueIdentifier>{05d8cfbc-ffed-4983-9281-e57a2cb9ef0d}</UniqueIdentifier>
    </Filter>
    <Filter Include="ThirdParty">
      <UniqueIdentifier>{17f62183-e857-4ce4-b39d-026f1566be2d}</UniqueIdentifier>
    </Filter>
    <Filter Include="ThirdParty\SpoutGL">
      <UniqueIdentifier>{6597b076-2df0-45e3-a717-fe0e0b9c9d3e}</UniqueIdentifier>
    </Filter>
    <Filter Include="Shaders">
      <UniqueIdentifier>{0b4090fa-0e45-44cc-a9ea-9e98c41ad1df}</UniqueIdentifier>
    </Filter>
    <Filter Include="Shaders\Scene3D">
      <UniqueIdentifier>{7c3a1f22-9d84-4e5b-b1c6-30f9de20a611}</UniqueIdentifier>
    </Filter>
    <Filter Include="Shaders\Scene">
      <UniqueIdentifier>{e529f3dd-bc50-4154-8495-f41f7b17e760}</UniqueIdentifier>
    </Filter>
    <Filter Include="Shaders\Combine">
      <UniqueIdentifier>{389f641d-137e-49b1-8292-7b9c2d3ef029}</UniqueIdentifier>
    </Filter>
    <Filter Include="Shaders\Transitions">
      <UniqueIdentifier>{6d37c53d-7f4f-450b-93da-27713abfe32b}</UniqueIdentifier>
    </Filter>
    <Filter Include="Shaders\Blend">
      <UniqueIdentifier>{2cbfe523-84e8-4dee-a547-b19fa868ab46}</UniqueIdentifier>
    </Filter>
    <Filter Include="Configurations">
      <UniqueIdentifier>{9d68de70-045d-4d3e-8d11-f104ed92f882}</UniqueIdentifier>
    </Filter>
  </ItemGroup>
  <ItemGroup>
    <ClCompile Include="Source\Configuration.cpp">
      <Filter>Source Files</Filter>
    </ClCompile>
    <ClCompile Include="Source\AudioAnalyzer.cpp">
      <Filter>Source Files</Filter>
    </ClCompile>
    <ClCompile Include="Source\EffectShader.cpp">
      <Filter>Source Files</Filter>
    </ClCompile>
    <ClCompile Include="Source\filterShader.cpp">
      <Filter>Source Files</Filter>
    </ClCompile>
    <ClCompile Include="Source\ComputeFX.cpp">
      <Filter>Source Files</Filter>
    </ClCompile>
    <ClCompile Include="Source\glcore.cpp">
      <Filter>Source Files</Filter>
    </ClCompile>
    <ClCompile Include="Source\glwidget.cpp">
      <Filter>Source Files</Filter>
    </ClCompile>
    <ClCompile Include="Source\main.cpp">
      <Filter>Source Files</Filter>
    </ClCompile>
    <ClCompile Include="Source\mesh.cpp">
      <Filter>Source Files</Filter>
    </ClCompile>
    <ClCompile Include="Source\MidiInput.cpp">
      <Filter>Source Files</Filter>
    </ClCompile>
    <ClCompile Include="Source\NowPlaying.cpp">
      <Filter>Source Files</Filter>
    </ClCompile>
    <ClCompile Include="Source\Recorder.cpp">
      <Filter>Source Files</Filter>
    </ClCompile>
    <ClCompile Include="Source\GpuSims.cpp">
      <Filter>Source Files</Filter>
    </ClCompile>
    <ClCompile Include="Source\PresentPass.cpp">
      <Filter>Source Files</Filter>
    </ClCompile>
    <ClCompile Include="Source\SceneScheduler.cpp">
      <Filter>Source Files</Filter>
    </ClCompile>
    <ClCompile Include="Source\TrackMedia.cpp">
      <Filter>Source Files</Filter>
    </ClCompile>
    <ClCompile Include="moc\moc_AudioAnalyzer.cpp">
      <Filter>Generated Files</Filter>
    </ClCompile>
    <ClCompile Include="moc\moc_glwidget.cpp">
      <Filter>Generated Files</Filter>
    </ClCompile>
    <ClCompile Include="moc\moc_QMyWindow.cpp">
      <Filter>Generated Files</Filter>
    </ClCompile>
    <ClCompile Include="Source\QMyWindow.cpp">
      <Filter>Source Files</Filter>
    </ClCompile>
    <ClCompile Include="Source\shader_setup.cpp">
      <Filter>Source Files</Filter>
    </ClCompile>
    <ClCompile Include="Source\ExprEval.cpp">
      <Filter>Source Files</Filter>
    </ClCompile>
    <ClCompile Include="Source\Scene3DShader.cpp">
      <Filter>Source Files</Filter>
    </ClCompile>
    <ClCompile Include="Source\VideoIn.cpp">
      <Filter>Source Files</Filter>
    </ClCompile>
    <ClCompile Include="Source\SpoutIn.cpp">
      <Filter>Source Files</Filter>
    </ClCompile>
    <ClCompile Include="Source\SpoutOut.cpp">
      <Filter>Source Files</Filter>
    </ClCompile>
    <ClCompile Include="ThirdParty\SpoutGL\Spout.cpp">
      <Filter>ThirdParty\SpoutGL</Filter>
    </ClCompile>
    <ClCompile Include="ThirdParty\SpoutGL\SpoutCopy.cpp">
      <Filter>ThirdParty\SpoutGL</Filter>
    </ClCompile>
    <ClCompile Include="ThirdParty\SpoutGL\SpoutDirectX.cpp">
      <Filter>ThirdParty\SpoutGL</Filter>
    </ClCompile>
    <ClCompile Include="ThirdParty\SpoutGL\SpoutFrameCount.cpp">
      <Filter>ThirdParty\SpoutGL</Filter>
    </ClCompile>
    <ClCompile Include="ThirdParty\SpoutGL\SpoutGL.cpp">
      <Filter>ThirdParty\SpoutGL</Filter>
    </ClCompile>
    <ClCompile Include="ThirdParty\SpoutGL\SpoutGLextensions.cpp">
      <Filter>ThirdParty\SpoutGL</Filter>
    </ClCompile>
    <ClCompile Include="ThirdParty\SpoutGL\SpoutSenderNames.cpp">
      <Filter>ThirdParty\SpoutGL</Filter>
    </ClCompile>
    <ClCompile Include="ThirdParty\SpoutGL\SpoutSharedMemory.cpp">
      <Filter>ThirdParty\SpoutGL</Filter>
    </ClCompile>
    <ClCompile Include="ThirdParty\SpoutGL\SpoutUtils.cpp">
      <Filter>ThirdParty\SpoutGL</Filter>
    </ClCompile>
    <ClCompile Include="Source\textfile.cpp">
      <Filter>Source Files</Filter>
    </ClCompile>
    <ClCompile Include="Source\TextureEffectKaleidoscopeBase.cpp">
      <Filter>Source Files</Filter>
    </ClCompile>
    <ClCompile Include="Source\Uniform.cpp">
      <Filter>Source Files</Filter>
    </ClCompile>
    <ClCompile Include="Source\Utils.cpp">
      <Filter>Source Files</Filter>
    </ClCompile>
    <ClCompile Include="Source\Vector3D.cpp">
      <Filter>Source Files</Filter>
    </ClCompile>
    <ClCompile Include="Source\WebRemote.cpp">
      <Filter>Source Files</Filter>
    </ClCompile>
  </ItemGroup>
  <ItemGroup>
    <ClInclude Include="Source\Configuration.h">
      <Filter>Header Files</Filter>
    </ClInclude>
    <ClInclude Include="Source\AudioFeatures.h">
      <Filter>Header Files</Filter>
    </ClInclude>
    <ClInclude Include="Source\EffectShader.h">
      <Filter>Header Files</Filter>
    </ClInclude>
    <ClInclude Include="Source\ComputeFX.h">
      <Filter>Header Files</Filter>
    </ClInclude>
    <ClInclude Include="Source\glcore.h">
      <Filter>Header Files</Filter>
    </ClInclude>
    <ClInclude Include="Source\filterShader.h">
      <Filter>Header Files</Filter>
    </ClInclude>
    <ClInclude Include="Source\mainwindow.h">
      <Filter>Header Files</Filter>
    </ClInclude>
    <ClInclude Include="Source\mesh.h">
      <Filter>Header Files</Filter>
    </ClInclude>
    <ClInclude Include="Source\ExprEval.h">
      <Filter>Header Files</Filter>
    </ClInclude>
    <ClInclude Include="Source\Scene3DShader.h">
      <Filter>Header Files</Filter>
    </ClInclude>
    <ClInclude Include="Source\VideoIn.h">
      <Filter>Header Files</Filter>
    </ClInclude>
    <ClInclude Include="Source\SpoutIn.h">
      <Filter>Header Files</Filter>
    </ClInclude>
    <ClInclude Include="Source\shader_setup.h">
      <Filter>Header Files</Filter>
    </ClInclude>
    <ClInclude Include="Source\stdinc.h">
      <Filter>Header Files</Filter>
    </ClInclude>
    <ClInclude Include="Source\textfile.h">
      <Filter>Header Files</Filter>
    </ClInclude>
    <ClInclude Include="Source\TextureEffectKaleidoscopeBase.h">
      <Filter>Header Files</Filter>
    </ClInclude>
    <ClInclude Include="Source\Uniform.h">
      <Filter>Header Files</Filter>
    </ClInclude>
    <ClInclude Include="Source\Utils.h">
      <Filter>Header Files</Filter>
    </ClInclude>
    <ClInclude Include="Source\Vector3D.h">
      <Filter>Header Files</Filter>
    </ClInclude>
    <ClInclude Include="Source\Vector4D.h">
      <Filter>Header Files</Filter>
    </ClInclude>
  </ItemGroup>
  <ItemGroup>
    <CustomBuild Include="Source\AudioAnalyzer.h">
      <Filter>Header Files</Filter>
    </CustomBuild>
    <CustomBuild Include="Source\glwidget.h">
      <Filter>Header Files</Filter>
    </CustomBuild>
    <CustomBuild Include="Source\QMyWindow.h">
      <Filter>Header Files</Filter>
    </CustomBuild>
    <CustomBuild Include="Source\mainwindow.ui">
      <Filter>Forms</Filter>
    </CustomBuild>
  </ItemGroup>
  <ItemGroup>
    <None Include="Scene2D\Aurora.frag">
      <Filter>Shaders\Scene</Filter>
    </None>
    <None Include="Scene2D\BauhausGeo.frag">
      <Filter>Shaders\Scene</Filter>
    </None>
    <None Include="Scene2D\BeatLattice.frag">
      <Filter>Shaders\Scene</Filter>
    </None>
    <None Include="Scene2D\BreathingFractal.frag">
      <Filter>Shaders\Scene</Filter>
    </None>
    <None Include="Scene2D\BreathingFractalNoir.frag">
      <Filter>Shaders\Scene</Filter>
    </None>
    <None Include="Scene2D\BreathingFractalZoom.frag">
      <Filter>Shaders\Scene</Filter>
    </None>
    <None Include="Scene2D\Bubble.frag">
      <Filter>Shaders\Scene</Filter>
    </None>
    <None Include="Scene2D\ChromeDreams.frag">
      <Filter>Shaders\Scene</Filter>
    </None>
    <None Include="Scene2D\CityBokeh.frag">
      <Filter>Shaders\Scene</Filter>
    </None>
    <None Include="Scene2D\CurlAurora.frag">
      <Filter>Shaders\Scene</Filter>
    </None>
    <None Include="Scene2D\DarkAmbientTunnel.frag">
      <Filter>Shaders\Scene</Filter>
    </None>
    <None Include="Scene2D\DiscoGodrays.frag">
      <Filter>Shaders\Scene</Filter>
    </None>
    <None Include="Scene2D\DroneDepths.frag">
      <Filter>Shaders\Scene</Filter>
    </None>
    <None Include="Scene2D\FlowingWires.frag">
      <Filter>Shaders\Scene</Filter>
    </None>
    <None Include="Scene2D\Fluid.frag">
      <Filter>Shaders\Scene</Filter>
    </None>
    <None Include="Scene2D\FractalBloom.frag">
      <Filter>Shaders\Scene</Filter>
    </None>
    <None Include="Scene2D\FractalKIFS.frag">
      <Filter>Shaders\Scene</Filter>
    </None>
    <None Include="Scene2D\HarmonicRings.frag">
      <Filter>Shaders\Scene</Filter>
    </None>
    <None Include="Scene2D\HexKaleido.frag">
      <Filter>Shaders\Scene</Filter>
    </None>
    <None Include="Scene2D\HyperCube.frag">
      <Filter>Shaders\Scene</Filter>
    </None>
    <None Include="Scene2D\InkWater.frag">
      <Filter>Shaders\Scene</Filter>
    </None>
    <None Include="Scene2D\InsideSystem.frag">
      <Filter>Shaders\Scene</Filter>
    </None>
    <None Include="Scene2D\Kaleidoscope.frag">
      <Filter>Shaders\Scene</Filter>
    </None>
    <None Include="Scene2D\LavaLamp.frag">
      <Filter>Shaders\Scene</Filter>
    </None>
    <None Include="Scene2D\Metamorph.frag">
      <Filter>Shaders\Scene</Filter>
    </None>
    <None Include="Scene2D\MobiusOrbs.frag">
      <Filter>Shaders\Scene</Filter>
    </None>
    <None Include="Scene2D\NeonTubes.frag">
      <Filter>Shaders\Scene</Filter>
    </None>
    <None Include="Scene2D\NoiseSpiral.frag">
      <Filter>Shaders\Scene</Filter>
    </None>
    <None Include="Scene2D\OilProjector.frag">
      <Filter>Shaders\Scene</Filter>
    </None>
    <None Include="Scene2D\OrganicFlow.frag">
      <Filter>Shaders\Scene</Filter>
    </None>
    <None Include="Scene2D\PlasmaFlow.frag">
      <Filter>Shaders\Scene</Filter>
    </None>
    <None Include="Scene2D\PsychedelicPills.frag">
      <Filter>Shaders\Scene</Filter>
    </None>
    <None Include="Scene2D\RaymarchTunnel.frag">
      <Filter>Shaders\Scene</Filter>
    </None>
    <None Include="Scene2D\ReactionDiffusion.frag">
      <Filter>Shaders\Scene</Filter>
    </None>
    <None Include="Scene2D\Physarum.frag">
      <Filter>Shaders\Scene</Filter>
    </None>
    <None Include="Scene2D\Rorschach.frag">
      <Filter>Shaders\Scene</Filter>
    </None>
    <None Include="Scene2D\Schlieren.frag">
      <Filter>Shaders\Scene</Filter>
    </None>
    <None Include="Scene2D\SelfSimilarity.frag">
      <Filter>Shaders\Scene</Filter>
    </None>
    <None Include="Scene2D\SpectrumRadial.frag">
      <Filter>Shaders\Scene</Filter>
    </None>
    <None Include="Scene2D\SphereGrid.frag">
      <Filter>Shaders\Scene</Filter>
    </None>
    <None Include="Scene2D\Starfield.frag">
      <Filter>Shaders\Scene</Filter>
    </None>
    <None Include="Scene2D\StereoSpectrum.frag">
      <Filter>Shaders\Scene</Filter>
    </None>
    <None Include="Scene2D\TextureEffectParallaxKaleidoscope.frag">
      <Filter>Shaders\Scene</Filter>
    </None>
    <None Include="Scene2D\TextureEffectParallaxKaleidoscopeTunnel.frag">
      <Filter>Shaders\Scene</Filter>
    </None>
    <None Include="Scene2D\TheCore.frag">
      <Filter>Shaders\Scene</Filter>
    </None>
    <None Include="Scene2D\Tunnel.frag">
      <Filter>Shaders\Scene</Filter>
    </None>
    <None Include="Scene2D\TunnelAcceleration.frag">
      <Filter>Shaders\Scene</Filter>
    </None>
    <None Include="Scene2D\TunnelPlain.frag">
      <Filter>Shaders\Scene</Filter>
    </None>
    <None Include="Scene2D\TunnelReverse.frag">
      <Filter>Shaders\Scene</Filter>
    </None>
    <None Include="Scene2D\VoronoiPulse.frag">
      <Filter>Shaders\Scene</Filter>
    </None>
    <None Include="Scene2D\Vortex.frag">
      <Filter>Shaders\Scene</Filter>
    </None>
    <None Include="Scene2D\Voyager.frag">
      <Filter>Shaders\Scene</Filter>
    </None>
    <None Include="Scene2D\HyperWarpTunnel.frag">
      <Filter>Shaders\Scene</Filter>
    </None>
    <None Include="Scene2D\VolumetricSupernova.frag">
      <Filter>Shaders\Scene</Filter>
    </None>
    <None Include="Scene2D\CrystalMirrorGrid.frag">
      <Filter>Shaders\Scene</Filter>
    </None>
    <None Include="Scene2D\FluidInkMarble.frag">
      <Filter>Shaders\Scene</Filter>
    </None>
    <None Include="Scene2D\CyberGridCity.frag">
      <Filter>Shaders\Scene</Filter>
    </None>
    <None Include="Scene2D\QuantumChromaField.frag">
      <Filter>Shaders\Scene</Filter>
    </None>
    <None Include="Scene2D\AbyssalLuminescence.frag">
      <Filter>Shaders\Scene</Filter>
    </None>
    <None Include="Scene2D\SolarFlareCorona.frag">
      <Filter>Shaders\Scene</Filter>
    </None>
    <None Include="Scene2D\GlitchMatrixHypercube.frag">
      <Filter>Shaders\Scene</Filter>
    </None>
    <None Include="Scene2D\BismuthLabyrinth.frag">
      <Filter>Shaders\Scene</Filter>
    </None>
    <None Include="Scene2D\NeonFluidDynamics.frag">
      <Filter>Shaders\Scene</Filter>
    </None>
    <None Include="Scene2D\StargateWormhole.frag">
      <Filter>Shaders\Scene</Filter>
    </None>
    <None Include="Scene2D\PrismaticKaleidoMandala.frag">
      <Filter>Shaders\Scene</Filter>
    </None>
    <None Include="Scene2D\ChromaAcidTrip.frag">
      <Filter>Shaders\Scene</Filter>
    </None>
    <None Include="Scene2D\SupermassiveAccretionDisk.frag">
      <Filter>Shaders\Scene</Filter>
    </None>
    <None Include="Scene2D\EscherRelativityMatrix.frag">
      <Filter>Shaders\Scene</Filter>
    </None>
    <None Include="Scene2D\MandelbulbHyperRealm.frag">
      <Filter>Shaders\Scene</Filter>
    </None>
    <None Include="Scene2D\HyperbolicHoneycombTessellation.frag">
      <Filter>Shaders\Scene</Filter>
    </None>
    <None Include="Scene2D\VolcanicLightningPlume.frag">
      <Filter>Shaders\Scene</Filter>
    </None>
    <None Include="Scene2D\PrismaticRainbowCloud.frag">
      <Filter>Shaders\Scene</Filter>
    </None>
    <None Include="Scene2D\PrismaticLaserVault.frag">
      <Filter>Shaders\Scene</Filter>
    </None>
    <None Include="Scene2D\CalabiYauManifold.frag">
      <Filter>Shaders\Scene</Filter>
    </None>
    <None Include="Scene2D\CliffordTorusKleinBottle.frag">
      <Filter>Shaders\Scene</Filter>
    </None>
    <None Include="Scene2D\PulsarMagnetosphereJets.frag">
      <Filter>Shaders\Scene</Filter>
    </None>
    <None Include="Scene2D\FerrofluidSpikeForest.frag">
      <Filter>Shaders\Scene</Filter>
    </None>
    <None Include="Scene2D\PlasmaLightningGlobe.frag">
      <Filter>Shaders\Scene</Filter>
    </None>
    <None Include="Scene2D\KerrNewmanSingularity.frag">
      <Filter>Shaders\Scene</Filter>
    </None>
    <None Include="Scene2D\BismuthHyperLabyrinth.frag">
      <Filter>Shaders\Scene</Filter>
    </None>
    <None Include="Scene2D\FerrofluidHexMatrix.frag">
      <Filter>Shaders\Scene</Filter>
    </None>
    <None Include="Scene2D\PrismaticSuperradiance.frag">
      <Filter>Shaders\Scene</Filter>
    </None>
    <None Include="Scene2D\HyperDimensionalTesseractTunnel.frag">
      <Filter>Shaders\Scene</Filter>
    </None>
    <None Include="Scene2D\NeutronStarMagnetarBurst.frag">
      <Filter>Shaders\Scene</Filter>
    </None>
    <None Include="Scene2D\LiquidCrystalOptics.frag">
      <Filter>Shaders\Scene</Filter>
    </None>
    <None Include="Scene2D\NonEuclideanHyperbolicMandala.frag">
      <Filter>Shaders\Scene</Filter>
    </None>
    <None Include="Scene2D\SuperradiantTokamakIgnition.frag">
      <Filter>Shaders\Scene</Filter>
    </None>
    <None Include="Scene2D\IridescentChitinMorpho.frag">
      <Filter>Shaders\Scene</Filter>
    </None>
    <None Include="Scene2D\GrapheneDiracPlasmonics.frag">
      <Filter>Shaders\Scene</Filter>
    </None>
    <None Include="Scene2D\SuperheatedCoronalLoop.frag">
      <Filter>Shaders\Scene</Filter>
    </None>
    <None Include="Scene2D\InfinitePhotoZoomAbyss.frag">
      <Filter>Shaders\Scene</Filter>
    </None>
    <None Include="Scene2D\StainedGlassCathedralCaustics.frag">
      <Filter>Shaders\Scene</Filter>
    </None>
    <None Include="Scene2D\OrigamiMirrorKaleidoscope.frag">
      <Filter>Shaders\Scene</Filter>
    </None>
    <None Include="Scene2D\FluidPhotoMarblingEbru.frag">
      <Filter>Shaders\Scene</Filter>
    </None>
    <None Include="Scene2D\PrismaticCrystalChamber.frag">
      <Filter>Shaders\Scene</Filter>
    </None>
    <None Include="Scene2D\KineticTileMosaicMatrix.frag">
      <Filter>Shaders\Scene</Filter>
    </None>
    <None Include="Scene2D\HyperbolicPoincareTunnel.frag">
      <Filter>Shaders\Scene</Filter>
    </None>
    <None Include="Scene2D\CyberHologramGlitchVoxel.frag">
      <Filter>Shaders\Scene</Filter>
    </None>
    <None Include="Scene2D\QuantumChromodynamicsGluonPlasma.frag">
      <Filter>Shaders\Scene</Filter>
    </None>
    <None Include="Scene2D\BioluminescentAbyssalTrenches.frag">
      <Filter>Shaders\Scene</Filter>
    </None>
    <None Include="Scene2D\NonEuclideanOctahedralLabyrinth.frag">
      <Filter>Shaders\Scene</Filter>
    </None>
    <None Include="Scene2D\MetamorphicLavaVortex.frag">
      <Filter>Shaders\Scene</Filter>
    </None>
    <None Include="FX\FxDarkRed.frag">
      <Filter>Shaders\Combine</Filter>
    </None>
    <None Include="FX\FxDeformationFlow.frag">
      <Filter>Shaders\Combine</Filter>
    </None>
    <None Include="FX\FxDroneWarp.frag">
      <Filter>Shaders\Combine</Filter>
    </None>
    <None Include="FX\FxGrey.frag">
      <Filter>Shaders\Combine</Filter>
    </None>
    <None Include="FX\FxHexagon.frag">
      <Filter>Shaders\Combine</Filter>
    </None>
    <None Include="FX\FxKaleidoscope.frag">
      <Filter>Shaders\Combine</Filter>
    </None>
    <None Include="FX\FxLens.frag">
      <Filter>Shaders\Combine</Filter>
    </None>
    <None Include="FX\FxLichtenstein.frag">
      <Filter>Shaders\Combine</Filter>
    </None>
    <None Include="FX\FxMulti.frag">
      <Filter>Shaders\Combine</Filter>
    </None>
    <None Include="FX\FxOilPaint.frag">
      <Filter>Shaders\Combine</Filter>
    </None>
    <None Include="FX\FxOilPaintFlow.frag">
      <Filter>Shaders\Combine</Filter>
    </None>
    <None Include="FX\FxParallax.frag">
      <Filter>Shaders\Combine</Filter>
    </None>
    <None Include="FX\FxPlain.frag">
      <Filter>Shaders\Combine</Filter>
    </None>
    <None Include="Transitions\AbrikosovVortexLatticeSweep.frag">
      <Filter>Shaders\Transitions</Filter>
    </None>
    <None Include="Transitions\AcousticChladniResonance.frag">
      <Filter>Shaders\Transitions</Filter>
    </None>
    <None Include="Transitions\AnamorphicFlareSweep.frag">
      <Filter>Shaders\Transitions</Filter>
    </None>
    <None Include="Transitions\AuroraCurtainFold.frag">
      <Filter>Shaders\Transitions</Filter>
    </None>
    <None Include="Transitions\BioluminescentPhytoplanktonBloom.frag">
      <Filter>Shaders\Transitions</Filter>
    </None>
    <None Include="Transitions\BioluminescentSparkle.frag">
      <Filter>Shaders\Transitions</Filter>
    </None>
    <None Include="Transitions\BirefringenceCrystalSplit.frag">
      <Filter>Shaders\Transitions</Filter>
    </None>
    <None Include="Transitions\Blinds.frag">
      <Filter>Shaders\Transitions</Filter>
    </None>
    <None Include="Transitions\BlurThrough.frag">
      <Filter>Shaders\Transitions</Filter>
    </None>
    <None Include="Transitions\CausticLiquidWarp.frag">
      <Filter>Shaders\Transitions</Filter>
    </None>
    <None Include="Transitions\CellularMitosis.frag">
      <Filter>Shaders\Transitions</Filter>
    </None>
    <None Include="Transitions\Chromatic.frag">
      <Filter>Shaders\Transitions</Filter>
    </None>
    <None Include="Transitions\ChromatographySeparation.frag">
      <Filter>Shaders\Transitions</Filter>
    </None>
    <None Include="Transitions\ClockSweep.frag">
      <Filter>Shaders\Transitions</Filter>
    </None>
    <None Include="Transitions\CosmicStringLensing.frag">
      <Filter>Shaders\Transitions</Filter>
    </None>
    <None Include="Transitions\Crossfade.frag">
      <Filter>Shaders\Transitions</Filter>
    </None>
    <None Include="Transitions\Datamosh.frag">
      <Filter>Shaders\Transitions</Filter>
    </None>
    <None Include="Transitions\DiagonalWipe.frag">
      <Filter>Shaders\Transitions</Filter>
    </None>
    <None Include="Transitions\DichroicMirrorSlide.frag">
      <Filter>Shaders\Transitions</Filter>
    </None>
    <None Include="Transitions\DipToDark.frag">
      <Filter>Shaders\Transitions</Filter>
    </None>
    <None Include="Transitions\DopplerBeamingWipe.frag">
      <Filter>Shaders\Transitions</Filter>
    </None>
    <None Include="Transitions\DoubleExposure.frag">
      <Filter>Shaders\Transitions</Filter>
    </None>
    <None Include="Transitions\DrainVortex.frag">
      <Filter>Shaders\Transitions</Filter>
    </None>
    <None Include="Transitions\DreamyBokehBloom.frag">
      <Filter>Shaders\Transitions</Filter>
    </None>
    <None Include="Transitions\EbruMarblingRake.frag">
      <Filter>Shaders\Transitions</Filter>
    </None>
    <None Include="Transitions\EventHorizonSwirl.frag">
      <Filter>Shaders\Transitions</Filter>
    </None>
    <None Include="Transitions\FaradayWaveLattice.frag">
      <Filter>Shaders\Transitions</Filter>
    </None>
    <None Include="Transitions\FerroelectricDomainFlip.frag">
      <Filter>Shaders\Transitions</Filter>
    </None>
    <None Include="Transitions\FerrofluidSpikes.frag">
      <Filter>Shaders\Transitions</Filter>
    </None>
    <None Include="Transitions\FresnelDiffractionEdge.frag">
      <Filter>Shaders\Transitions</Filter>
    </None>
    <None Include="Transitions\FrostDendriteFreeze.frag">
      <Filter>Shaders\Transitions</Filter>
    </None>
    <None Include="Transitions\GhostExposure.frag">
      <Filter>Shaders\Transitions</Filter>
    </None>
    <None Include="Transitions\GlitchPixelSort.frag">
      <Filter>Shaders\Transitions</Filter>
    </None>
    <None Include="Transitions\GoldenNautilus.frag">
      <Filter>Shaders\Transitions</Filter>
    </None>
    <None Include="Transitions\GravitationalLensWarp.frag">
      <Filter>Shaders\Transitions</Filter>
    </None>
    <None Include="Transitions\GyroidMembraneMelt.frag">
      <Filter>Shaders\Transitions</Filter>
    </None>
    <None Include="Transitions\HeatShimmer.frag">
      <Filter>Shaders\Transitions</Filter>
    </None>
    <None Include="Transitions\HelicoidMinimalSurface.frag">
      <Filter>Shaders\Transitions</Filter>
    </None>
    <None Include="Transitions\HologramScanInterference.frag">
      <Filter>Shaders\Transitions</Filter>
    </None>
    <None Include="Transitions\HyperspaceStreak.frag">
      <Filter>Shaders\Transitions</Filter>
    </None>
    <None Include="Transitions\Jelly.frag">
      <Filter>Shaders\Transitions</Filter>
    </None>
    <None Include="Transitions\KaleidoFold.frag">
      <Filter>Shaders\Transitions</Filter>
    </None>
    <None Include="Transitions\KaleidoSpin.frag">
      <Filter>Shaders\Transitions</Filter>
    </None>
    <None Include="Transitions\KaleidoscopicPolytope.frag">
      <Filter>Shaders\Transitions</Filter>
    </None>
    <None Include="Transitions\KerrSchildWarpSheet.frag">
      <Filter>Shaders\Transitions</Filter>
    </None>
    <None Include="Transitions\LichtenbergLightningWipe.frag">
      <Filter>Shaders\Transitions</Filter>
    </None>
    <None Include="Transitions\LiquidCrystalDefectDomain.frag">
      <Filter>Shaders\Transitions</Filter>
    </None>
    <None Include="Transitions\LogarithmicSpiral.frag">
      <Filter>Shaders\Transitions</Filter>
    </None>
    <None Include="Transitions\Luminance.frag">
      <Filter>Shaders\Transitions</Filter>
    </None>
    <None Include="Transitions\MagmaCrustFracture.frag">
      <Filter>Shaders\Transitions</Filter>
    </None>
    <None Include="Transitions\Melt.frag">
      <Filter>Shaders\Transitions</Filter>
    </None>
    <None Include="Transitions\MoireInterference.frag">
      <Filter>Shaders\Transitions</Filter>
    </None>
    <None Include="Transitions\MosaicDissolve.frag">
      <Filter>Shaders\Transitions</Filter>
    </None>
    <None Include="Transitions\MyceliumNetworkSprout.frag">
      <Filter>Shaders\Transitions</Filter>
    </None>
    <None Include="Transitions\NavierStokesMelt.frag">
      <Filter>Shaders\Transitions</Filter>
    </None>
    <None Include="Transitions\NewtonRingsInterference.frag">
      <Filter>Shaders\Transitions</Filter>
    </None>
    <None Include="Transitions\OceanBreakerWave.frag">
      <Filter>Shaders\Transitions</Filter>
    </None>
    <None Include="Transitions\PenroseMorph.frag">
      <Filter>Shaders\Transitions</Filter>
    </None>
    <None Include="Transitions\Pixelation.frag">
      <Filter>Shaders\Transitions</Filter>
    </None>
    <None Include="Transitions\PlasmaFilamentPinch.frag">
      <Filter>Shaders\Transitions</Filter>
    </None>
    <None Include="Transitions\PoincareSpin.frag">
      <Filter>Shaders\Transitions</Filter>
    </None>
    <None Include="Transitions\Portal.frag">
      <Filter>Shaders\Transitions</Filter>
    </None>
    <None Include="Transitions\Push.frag">
      <Filter>Shaders\Transitions</Filter>
    </None>
    <None Include="Transitions\QuadtreeSubdivide.frag">
      <Filter>Shaders\Transitions</Filter>
    </None>
    <None Include="Transitions\QuantumWaveCollapse.frag">
      <Filter>Shaders\Transitions</Filter>
    </None>
    <None Include="Transitions\RadialIris.frag">
      <Filter>Shaders\Transitions</Filter>
    </None>
    <None Include="Transitions\RayleighTaylorInstability.frag">
      <Filter>Shaders\Transitions</Filter>
    </None>
    <None Include="Transitions\ReactionDiffusionTuring.frag">
      <Filter>Shaders\Transitions</Filter>
    </None>
    <None Include="Transitions\SandRippleAeolian.frag">
      <Filter>Shaders\Transitions</Filter>
    </None>
    <None Include="Transitions\Shatter.frag">
      <Filter>Shaders\Transitions</Filter>
    </None>
    <None Include="Transitions\SlidingDoors.frag">
      <Filter>Shaders\Transitions</Filter>
    </None>
    <None Include="Transitions\SmokeTurbulenceDrift.frag">
      <Filter>Shaders\Transitions</Filter>
    </None>
    <None Include="Transitions\SolitonWaveCollision.frag">
      <Filter>Shaders\Transitions</Filter>
    </None>
    <None Include="Transitions\SpectralPrismSplit.frag">
      <Filter>Shaders\Transitions</Filter>
    </None>
    <None Include="Transitions\SpinZoom.frag">
      <Filter>Shaders\Transitions</Filter>
    </None>
    <None Include="Transitions\SuperfluidHe4Fountain.frag">
      <Filter>Shaders\Transitions</Filter>
    </None>
    <None Include="Transitions\SupernovaShockwave.frag">
      <Filter>Shaders\Transitions</Filter>
    </None>
    <None Include="Transitions\Swirl.frag">
      <Filter>Shaders\Transitions</Filter>
    </None>
    <None Include="Transitions\Tesseract4DRotation.frag">
      <Filter>Shaders\Transitions</Filter>
    </None>
    <None Include="Transitions\VoronoiShatter.frag">
      <Filter>Shaders\Transitions</Filter>
    </None>
    <None Include="Transitions\WaterRipple.frag">
      <Filter>Shaders\Transitions</Filter>
    </None>
    <None Include="Transitions\WormholeSpaceFold.frag">
      <Filter>Shaders\Transitions</Filter>
    </None>
    <None Include="Transitions\ZoomThrough.frag">
      <Filter>Shaders\Transitions</Filter>
    </None>
    <None Include="Scene2D\AcousticBlackHoleEventHorizon.frag">
      <Filter>Shaders\Scene</Filter>
    </None>
    <None Include="Scene2D\AlfvenWavePlasmaFilamentation.frag">
      <Filter>Shaders\Scene</Filter>
    </None>
    <None Include="Scene2D\AnomalousFloquetTopologicalInsulator.frag">
      <Filter>Shaders\Scene</Filter>
    </None>
    <None Include="Scene2D\BallisticGrapheneElectronFocussing.frag">
      <Filter>Shaders\Scene</Filter>
    </None>
    <None Include="Scene2D\BelousovZhabotinskyChemicalWave.frag">
      <Filter>Shaders\Scene</Filter>
    </None>
    <None Include="Scene2D\BoseEinsteinGiantVortexTurbulence.frag">
      <Filter>Shaders\Scene</Filter>
    </None>
    <None Include="Scene2D\CatatumboRelightningTower.frag">
      <Filter>Shaders\Scene</Filter>
    </None>
    <None Include="Scene2D\CavityOptomechanicsPhononLasing.frag">
      <Filter>Shaders\Scene</Filter>
    </None>
    <None Include="Scene2D\CherenkovRadiationWakefield.frag">
      <Filter>Shaders\Scene</Filter>
    </None>
    <None Include="Scene2D\ChiralNematicBeetleCuticle.frag">
      <Filter>Shaders\Scene</Filter>
    </None>
    <None Include="Scene2D\CosmicRayTransitionRadiation.frag">
      <Filter>Shaders\Scene</Filter>
    </None>
    <None Include="Scene2D\FerroelectricDomainVortexArray.frag">
      <Filter>Shaders\Scene</Filter>
    </None>
    <None Include="Scene2D\FerrohydrodynamicRosensweigSpikes.frag">
      <Filter>Shaders\Scene</Filter>
    </None>
    <None Include="Scene2D\HyperbolicMetamaterialSpacetime.frag">
      <Filter>Shaders\Scene</Filter>
    </None>
    <None Include="Scene2D\JosephsonVortexFluxonLattice.frag">
      <Filter>Shaders\Scene</Filter>
    </None>
    <None Include="Scene2D\KilonovaRadioactiveAfterglow.frag">
      <Filter>Shaders\Scene</Filter>
    </None>
    <None Include="Scene2D\LiebLatticeFlatBandLocalization.frag">
      <Filter>Shaders\Scene</Filter>
    </None>
    <None Include="Scene2D\LiesegangPrecipitationRingArray.frag">
      <Filter>Shaders\Scene</Filter>
    </None>
    <None Include="Scene2D\LiquidCrystalBluePhaseLattice.frag">
      <Filter>Shaders\Scene</Filter>
    </None>
    <None Include="Scene2D\LuciferinBioluminescentWavefront.frag">
      <Filter>Shaders\Scene</Filter>
    </None>
    <None Include="Scene2D\MagnetohydrodynamicSolarGranulation.frag">
      <Filter>Shaders\Scene</Filter>
    </None>
    <None Include="Scene2D\MagnetosphericBowShockTurbulence.frag">
      <Filter>Shaders\Scene</Filter>
    </None>
    <None Include="Scene2D\MarangoniConvectionTearsOfWine.frag">
      <Filter>Shaders\Scene</Filter>
    </None>
    <None Include="Scene2D\MetamaterialCloakingHorizon.frag">
      <Filter>Shaders\Scene</Filter>
    </None>
    <None Include="Scene2D\MoireTwistedBilayerGraphene.frag">
      <Filter>Shaders\Scene</Filter>
    </None>
    <None Include="Scene2D\NonlinearKerrOpticalSolitonCollision.frag">
      <Filter>Shaders\Scene</Filter>
    </None>
    <None Include="Scene2D\NonlinearSchrodingerRogueWave.frag">
      <Filter>Shaders\Scene</Filter>
    </None>
    <None Include="Scene2D\PenroseProcessErgosphereExtraction.frag">
      <Filter>Shaders\Scene</Filter>
    </None>
    <None Include="Scene2D\PhotonicCrystalDiracConeDispersion.frag">
      <Filter>Shaders\Scene</Filter>
    </None>
    <None Include="Scene2D\PhotonicMetasurfacePhaseGradient.frag">
      <Filter>Shaders\Scene</Filter>
    </None>
    <None Include="Scene2D\PlasmonicMetamaterialBlackHole.frag">
      <Filter>Shaders\Scene</Filter>
    </None>
    <None Include="Scene2D\PyroclasticDensityCurrentSurge.frag">
      <Filter>Shaders\Scene</Filter>
    </None>
    <None Include="Scene2D\QuantumHallFractionalAnyonBraiding.frag">
      <Filter>Shaders\Scene</Filter>
    </None>
    <None Include="Scene2D\QuantumHallSkyrmionCrystal.frag">
      <Filter>Shaders\Scene</Filter>
    </None>
    <None Include="Scene2D\QuaternionFractalHopfLoom.frag">
      <Filter>Shaders\Scene</Filter>
    </None>
    <None Include="Scene2D\RelativisticKelvinHelmholtzShear.frag">
      <Filter>Shaders\Scene</Filter>
    </None>
    <None Include="Scene2D\RelativisticPlasmaZpinchInstability.frag">
      <Filter>Shaders\Scene</Filter>
    </None>
    <None Include="Scene2D\RelativisticSynchrotronPulsarWind.frag">
      <Filter>Shaders\Scene</Filter>
    </None>
    <None Include="Scene2D\SiphonophoreBioluminescentCurtain.frag">
      <Filter>Shaders\Scene</Filter>
    </None>
    <None Include="Scene2D\SkyrmionChiralSpinLattice.frag">
      <Filter>Shaders\Scene</Filter>
    </None>
    <None Include="Scene2D\SolitonInternalWaveAndamanSea.frag">
      <Filter>Shaders\Scene</Filter>
    </None>
    <None Include="Scene2D\SpintronicDomainWallRacetrack.frag">
      <Filter>Shaders\Scene</Filter>
    </None>
    <None Include="Scene2D\SupercriticalFluidOpalescence.frag">
      <Filter>Shaders\Scene</Filter>
    </None>
    <None Include="Scene2D\SuperradiantBlackHoleBomb.frag">
      <Filter>Shaders\Scene</Filter>
    </None>
    <None Include="Scene2D\VolcanicLightningAshColumn.frag">
      <Filter>Shaders\Scene</Filter>
    </None>
    <None Include="Scene2D\WhisperingGalleryMicrocavity.frag">
      <Filter>Shaders\Scene</Filter>
    </None>
    <None Include="Scene3D\AtmosphericGravityWaveUndularBore.frag">
      <Filter>Shaders\Scene3D</Filter>
    </None>
    <None Include="Scene3D\AtmosphericGravityWaveUndularBore.vert">
      <Filter>Shaders\Scene3D</Filter>
    </None>
    <None Include="Scene3D\BacteriophageIcosahedralCapsidInjection.frag">
      <Filter>Shaders\Scene3D</Filter>
    </None>
    <None Include="Scene3D\BacteriophageIcosahedralCapsidInjection.vert">
      <Filter>Shaders\Scene3D</Filter>
    </None>
    <None Include="Scene3D\BioluminescentCombJellyCydippid.frag">
      <Filter>Shaders\Scene3D</Filter>
    </None>
    <None Include="Scene3D\BioluminescentCombJellyCydippid.vert">
      <Filter>Shaders\Scene3D</Filter>
    </None>
    <None Include="Scene3D\BismuthFerriteMultiferroicDomains.frag">
      <Filter>Shaders\Scene3D</Filter>
    </None>
    <None Include="Scene3D\BismuthFerriteMultiferroicDomains.vert">
      <Filter>Shaders\Scene3D</Filter>
    </None>
    <None Include="Scene3D\BoySurfaceCrossCapImmersion.frag">
      <Filter>Shaders\Scene3D</Filter>
    </None>
    <None Include="Scene3D\BoySurfaceCrossCapImmersion.vert">
      <Filter>Shaders\Scene3D</Filter>
    </None>
    <None Include="Scene3D\CalabiYauSixDimensionalManifoldCrossSection.frag">
      <Filter>Shaders\Scene3D</Filter>
    </None>
    <None Include="Scene3D\CalabiYauSixDimensionalManifoldCrossSection.vert">
      <Filter>Shaders\Scene3D</Filter>
    </None>
    <None Include="Scene3D\CarbonNanotubeChiralityArmchairZigzag.frag">
      <Filter>Shaders\Scene3D</Filter>
    </None>
    <None Include="Scene3D\CarbonNanotubeChiralityArmchairZigzag.vert">
      <Filter>Shaders\Scene3D</Filter>
    </None>
    <None Include="Scene3D\Chladni3DAcousticLevitation.frag">
      <Filter>Shaders\Scene3D</Filter>
    </None>
    <None Include="Scene3D\Chladni3DAcousticLevitation.vert">
      <Filter>Shaders\Scene3D</Filter>
    </None>
    <None Include="Scene3D\CosmicInflationaryTensorModes.frag">
      <Filter>Shaders\Scene3D</Filter>
    </None>
    <None Include="Scene3D\CosmicInflationaryTensorModes.vert">
      <Filter>Shaders\Scene3D</Filter>
    </None>
    <None Include="Scene3D\CosmicRayCherenkovAirShowerCascade.comp">
      <Filter>Shaders\Scene3D</Filter>
    </None>
    <None Include="Scene3D\CosmicRayCherenkovAirShowerCascade.frag">
      <Filter>Shaders\Scene3D</Filter>
    </None>
    <None Include="Scene3D\CosmicRayCherenkovAirShowerCascade.vert">
      <Filter>Shaders\Scene3D</Filter>
    </None>
    <None Include="Scene3D\CosmicStringCuspKinkGravitationalRadiation.comp">
      <Filter>Shaders\Scene3D</Filter>
    </None>
    <None Include="Scene3D\CosmicStringCuspKinkGravitationalRadiation.frag">
      <Filter>Shaders\Scene3D</Filter>
    </None>
    <None Include="Scene3D\CosmicStringCuspKinkGravitationalRadiation.vert">
      <Filter>Shaders\Scene3D</Filter>
    </None>
    <None Include="Scene3D\CosmicWebFilamentAnisotropy.frag">
      <Filter>Shaders\Scene3D</Filter>
    </None>
    <None Include="Scene3D\CosmicWebFilamentAnisotropy.vert">
      <Filter>Shaders\Scene3D</Filter>
    </None>
    <None Include="Scene3D\CryogenicBrinicleStalactite.comp">
      <Filter>Shaders\Scene3D</Filter>
    </None>
    <None Include="Scene3D\CryogenicBrinicleStalactite.frag">
      <Filter>Shaders\Scene3D</Filter>
    </None>
    <None Include="Scene3D\CryogenicBrinicleStalactite.vert">
      <Filter>Shaders\Scene3D</Filter>
    </None>
    <None Include="Scene3D\DNAOrigamiNanotubeLattice.frag">
      <Filter>Shaders\Scene3D</Filter>
    </None>
    <None Include="Scene3D\DNAOrigamiNanotubeLattice.vert">
      <Filter>Shaders\Scene3D</Filter>
    </None>
    <None Include="Scene3D\DeepSeaHydrothermalChimneyPillar.frag">
      <Filter>Shaders\Scene3D</Filter>
    </None>
    <None Include="Scene3D\DeepSeaHydrothermalChimneyPillar.vert">
      <Filter>Shaders\Scene3D</Filter>
    </None>
    <None Include="Scene3D\DendriticSnowflakeIceCrystalHabit.frag">
      <Filter>Shaders\Scene3D</Filter>
    </None>
    <None Include="Scene3D\DendriticSnowflakeIceCrystalHabit.vert">
      <Filter>Shaders\Scene3D</Filter>
    </None>
    <None Include="Scene3D\DielectricResonatorMetagrating.frag">
      <Filter>Shaders\Scene3D</Filter>
    </None>
    <None Include="Scene3D\DielectricResonatorMetagrating.vert">
      <Filter>Shaders\Scene3D</Filter>
    </None>
    <None Include="Scene3D\E8LieAlgebraRootLattice.frag">
      <Filter>Shaders\Scene3D</Filter>
    </None>
    <None Include="Scene3D\E8LieAlgebraRootLattice.vert">
      <Filter>Shaders\Scene3D</Filter>
    </None>
    <None Include="Scene3D\EnneperMinimalSurfaceHyperfold.frag">
      <Filter>Shaders\Scene3D</Filter>
    </None>
    <None Include="Scene3D\EnneperMinimalSurfaceHyperfold.vert">
      <Filter>Shaders\Scene3D</Filter>
    </None>
    <None Include="Scene3D\FullereneC60BuckyballCrystalLattice.frag">
      <Filter>Shaders\Scene3D</Filter>
    </None>
    <None Include="Scene3D\FullereneC60BuckyballCrystalLattice.vert">
      <Filter>Shaders\Scene3D</Filter>
    </None>
    <None Include="Scene3D\GeothermalFumaroleMineralSpires.frag">
      <Filter>Shaders\Scene3D</Filter>
    </None>
    <None Include="Scene3D\GeothermalFumaroleMineralSpires.vert">
      <Filter>Shaders\Scene3D</Filter>
    </None>
    <None Include="Scene3D\GrapheneGyroidTriplyPeriodicMinimalSurface.frag">
      <Filter>Shaders\Scene3D</Filter>
    </None>
    <None Include="Scene3D\GrapheneGyroidTriplyPeriodicMinimalSurface.vert">
      <Filter>Shaders\Scene3D</Filter>
    </None>
    <None Include="Scene3D\HelicoidMinimalSurfaceTunnel.frag">
      <Filter>Shaders\Scene3D</Filter>
    </None>
    <None Include="Scene3D\HelicoidMinimalSurfaceTunnel.vert">
      <Filter>Shaders\Scene3D</Filter>
    </None>
    <None Include="Scene3D\HyperbolicHelicoidCatenaMinimalSheet.frag">
      <Filter>Shaders\Scene3D</Filter>
    </None>
    <None Include="Scene3D\HyperbolicHelicoidCatenaMinimalSheet.vert">
      <Filter>Shaders\Scene3D</Filter>
    </None>
    <None Include="Scene3D\HyperbolicPseudosphereTractroid.frag">
      <Filter>Shaders\Scene3D</Filter>
    </None>
    <None Include="Scene3D\HyperbolicPseudosphereTractroid.vert">
      <Filter>Shaders\Scene3D</Filter>
    </None>
    <None Include="Scene3D\InterstellarMHDShockFront.frag">
      <Filter>Shaders\Scene3D</Filter>
    </None>
    <None Include="Scene3D\InterstellarMHDShockFront.vert">
      <Filter>Shaders\Scene3D</Filter>
    </None>
    <None Include="Scene3D\KelvinWakeShipWavePattern.frag">
      <Filter>Shaders\Scene3D</Filter>
    </None>
    <None Include="Scene3D\KelvinWakeShipWavePattern.vert">
      <Filter>Shaders\Scene3D</Filter>
    </None>
    <None Include="Scene3D\LuttingerLiquidSpinChargeSeparation.frag">
      <Filter>Shaders\Scene3D</Filter>
    </None>
    <None Include="Scene3D\LuttingerLiquidSpinChargeSeparation.vert">
      <Filter>Shaders\Scene3D</Filter>
    </None>
    <None Include="Scene3D\MagnetarCrustalQuakeAlfvenResonance.comp">
      <Filter>Shaders\Scene3D</Filter>
    </None>
    <None Include="Scene3D\MagnetarCrustalQuakeAlfvenResonance.frag">
      <Filter>Shaders\Scene3D</Filter>
    </None>
    <None Include="Scene3D\MagnetarCrustalQuakeAlfvenResonance.vert">
      <Filter>Shaders\Scene3D</Filter>
    </None>
    <None Include="Scene3D\MagnetoRotationalHypernovaInstability.comp">
      <Filter>Shaders\Scene3D</Filter>
    </None>
    <None Include="Scene3D\MagnetoRotationalHypernovaInstability.frag">
      <Filter>Shaders\Scene3D</Filter>
    </None>
    <None Include="Scene3D\MagnetoRotationalHypernovaInstability.vert">
      <Filter>Shaders\Scene3D</Filter>
    </None>
    <None Include="Scene3D\MagnetotacticBacteriaChains.frag">
      <Filter>Shaders\Scene3D</Filter>
    </None>
    <None Include="Scene3D\MagnetotacticBacteriaChains.vert">
      <Filter>Shaders\Scene3D</Filter>
    </None>
    <None Include="Scene3D\MajoranaNanowireBraiding.frag">
      <Filter>Shaders\Scene3D</Filter>
    </None>
    <None Include="Scene3D\MajoranaNanowireBraiding.vert">
      <Filter>Shaders\Scene3D</Filter>
    </None>
    <None Include="Scene3D\NonEuclideanKleinQuarticTile.frag">
      <Filter>Shaders\Scene3D</Filter>
    </None>
    <None Include="Scene3D\NonEuclideanKleinQuarticTile.vert">
      <Filter>Shaders\Scene3D</Filter>
    </None>
    <None Include="Scene3D\NonlinearLaserPlasmaWakefieldAccelerator.frag">
      <Filter>Shaders\Scene3D</Filter>
    </None>
    <None Include="Scene3D\NonlinearLaserPlasmaWakefieldAccelerator.vert">
      <Filter>Shaders\Scene3D</Filter>
    </None>
    <None Include="Scene3D\PhotonicChiralMetamaterialGyroidHelix.frag">
      <Filter>Shaders\Scene3D</Filter>
    </None>
    <None Include="Scene3D\PhotonicChiralMetamaterialGyroidHelix.vert">
      <Filter>Shaders\Scene3D</Filter>
    </None>
    <None Include="Scene3D\PhotonicTopologicalEdgeStates.frag">
      <Filter>Shaders\Scene3D</Filter>
    </None>
    <None Include="Scene3D\PhotonicTopologicalEdgeStates.vert">
      <Filter>Shaders\Scene3D</Filter>
    </None>
    <None Include="Scene3D\PolaritonCondensateVortexLattice.frag">
      <Filter>Shaders\Scene3D</Filter>
    </None>
    <None Include="Scene3D\PolaritonCondensateVortexLattice.vert">
      <Filter>Shaders\Scene3D</Filter>
    </None>
    <None Include="Scene3D\QuantumHallEdgeChiralRibbon.frag">
      <Filter>Shaders\Scene3D</Filter>
    </None>
    <None Include="Scene3D\QuantumHallEdgeChiralRibbon.vert">
      <Filter>Shaders\Scene3D</Filter>
    </None>
    <None Include="Scene3D\QuantumSpinLiquidKagomeSpinonLattice.frag">
      <Filter>Shaders\Scene3D</Filter>
    </None>
    <None Include="Scene3D\QuantumSpinLiquidKagomeSpinonLattice.vert">
      <Filter>Shaders\Scene3D</Filter>
    </None>
    <None Include="Scene3D\QuasicrystalPenroseRhomb3D.frag">
      <Filter>Shaders\Scene3D</Filter>
    </None>
    <None Include="Scene3D\QuasicrystalPenroseRhomb3D.vert">
      <Filter>Shaders\Scene3D</Filter>
    </None>
    <None Include="Scene3D\RadiolarianMicrotubuleExoskeleton.comp">
      <Filter>Shaders\Scene3D</Filter>
    </None>
    <None Include="Scene3D\RadiolarianMicrotubuleExoskeleton.frag">
      <Filter>Shaders\Scene3D</Filter>
    </None>
    <None Include="Scene3D\RadiolarianMicrotubuleExoskeleton.vert">
      <Filter>Shaders\Scene3D</Filter>
    </None>
    <None Include="Scene3D\RelativisticAccretionTorusMHD.frag">
      <Filter>Shaders\Scene3D</Filter>
    </None>
    <None Include="Scene3D\RelativisticAccretionTorusMHD.vert">
      <Filter>Shaders\Scene3D</Filter>
    </None>
    <None Include="Scene3D\RydbergAtomQuantumSimulatorArray.frag">
      <Filter>Shaders\Scene3D</Filter>
    </None>
    <None Include="Scene3D\RydbergAtomQuantumSimulatorArray.vert">
      <Filter>Shaders\Scene3D</Filter>
    </None>
    <None Include="Scene3D\SeifertSurfaceBraidKnot.frag">
      <Filter>Shaders\Scene3D</Filter>
    </None>
    <None Include="Scene3D\SeifertSurfaceBraidKnot.vert">
      <Filter>Shaders\Scene3D</Filter>
    </None>
    <None Include="Scene3D\SolarProminenceHelicalMagneticRope.frag">
      <Filter>Shaders\Scene3D</Filter>
    </None>
    <None Include="Scene3D\SolarProminenceHelicalMagneticRope.vert">
      <Filter>Shaders\Scene3D</Filter>
    </None>
    <None Include="Scene3D\SpinGlassFrustrationLattice.frag">
      <Filter>Shaders\Scene3D</Filter>
    </None>
    <None Include="Scene3D\SpinGlassFrustrationLattice.vert">
      <Filter>Shaders\Scene3D</Filter>
    </None>
    <None Include="Scene3D\SubglacialVolcanicPillowLava.frag">
      <Filter>Shaders\Scene3D</Filter>
    </None>
    <None Include="Scene3D\SubglacialVolcanicPillowLava.vert">
      <Filter>Shaders\Scene3D</Filter>
    </None>
    <None Include="Scene3D\SuperconductingFluxoniumQubitCircuit.frag">
      <Filter>Shaders\Scene3D</Filter>
    </None>
    <None Include="Scene3D\SuperconductingFluxoniumQubitCircuit.vert">
      <Filter>Shaders\Scene3D</Filter>
    </None>
    <None Include="Scene3D\SuperconductingLevitationMeissnerPinch.frag">
      <Filter>Shaders\Scene3D</Filter>
    </None>
    <None Include="Scene3D\SuperconductingLevitationMeissnerPinch.vert">
      <Filter>Shaders\Scene3D</Filter>
    </None>
    <None Include="Scene3D\SuperconductingVortexLatticeMelting.frag">
      <Filter>Shaders\Scene3D</Filter>
    </None>
    <None Include="Scene3D\SuperconductingVortexLatticeMelting.vert">
      <Filter>Shaders\Scene3D</Filter>
    </None>
    <None Include="Scene3D\SuperfluidHeliumVortexReconnection.comp">
      <Filter>Shaders\Scene3D</Filter>
    </None>
    <None Include="Scene3D\SuperfluidHeliumVortexReconnection.frag">
      <Filter>Shaders\Scene3D</Filter>
    </None>
    <None Include="Scene3D\SuperfluidHeliumVortexReconnection.vert">
      <Filter>Shaders\Scene3D</Filter>
    </None>
    <None Include="Scene3D\SuperfluidVortexRingPinchOff.comp">
      <Filter>Shaders\Scene3D</Filter>
    </None>
    <None Include="Scene3D\SuperfluidVortexRingPinchOff.frag">
      <Filter>Shaders\Scene3D</Filter>
    </None>
    <None Include="Scene3D\SuperfluidVortexRingPinchOff.vert">
      <Filter>Shaders\Scene3D</Filter>
    </None>
    <None Include="Scene3D\TopologicalDiracSemimetalFermiArcs.frag">
      <Filter>Shaders\Scene3D</Filter>
    </None>
    <None Include="Scene3D\TopologicalDiracSemimetalFermiArcs.vert">
      <Filter>Shaders\Scene3D</Filter>
    </None>
    <None Include="Scene3D\VolcanicBasaltColumnarJointingHexagon.frag">
      <Filter>Shaders\Scene3D</Filter>
    </None>
    <None Include="Scene3D\VolcanicBasaltColumnarJointingHexagon.vert">
      <Filter>Shaders\Scene3D</Filter>
    </None>
    <None Include="Scene3D\WignerCrystalElectronLattice.frag">
      <Filter>Shaders\Scene3D</Filter>
    </None>
    <None Include="Scene3D\WignerCrystalElectronLattice.vert">
      <Filter>Shaders\Scene3D</Filter>
    </None>
    <None Include="Scene3D\XenophyophoreGiantProtistSarcodina.frag">
      <Filter>Shaders\Scene3D</Filter>
    </None>
    <None Include="Scene3D\XenophyophoreGiantProtistSarcodina.vert">
      <Filter>Shaders\Scene3D</Filter>
    </None>
    <None Include="FX\FxPlaneFlight.frag">
      <Filter>Shaders\Combine</Filter>
    </None>
    <None Include="FX\FxPulse.frag">
      <Filter>Shaders\Combine</Filter>
    </None>
    <None Include="FX\FxRotate.frag">
      <Filter>Shaders\Combine</Filter>
    </None>
    <None Include="FX\FxShroom.frag">
      <Filter>Shaders\Combine</Filter>
    </None>
    <None Include="FX\FxSphere.frag">
      <Filter>Shaders\Combine</Filter>
    </None>
    <None Include="FX\FxWater.frag">
      <Filter>Shaders\Combine</Filter>
    </None>
    <None Include="FX\FxWater2.frag">
      <Filter>Shaders\Combine</Filter>
    </None>
    <None Include="FX\FxWave.frag">
      <Filter>Shaders\Combine</Filter>
    </None>
    <None Include="Engine\BloomBlur.frag">
      <Filter>Shaders\Blend</Filter>
    </None>
    <None Include="Engine\CfxBoidsGrid.comp">
      <Filter>Shaders\Blend</Filter>
    </None>
    <None Include="Engine\CfxBoidsInit.comp">
      <Filter>Shaders\Blend</Filter>
    </None>
    <None Include="Engine\CfxBoidsStep.comp">
      <Filter>Shaders\Blend</Filter>
    </None>
    <None Include="Engine\CfxFlame.comp">
      <Filter>Shaders\Blend</Filter>
    </None>
    <None Include="Engine\CfxNBodyInit.comp">
      <Filter>Shaders\Blend</Filter>
    </None>
    <None Include="Engine\CfxNBodyStep.comp">
      <Filter>Shaders\Blend</Filter>
    </None>
    <None Include="Engine\CfxParticleInit.comp">
      <Filter>Shaders\Blend</Filter>
    </None>
    <None Include="Engine\CfxParticleStep.comp">
      <Filter>Shaders\Blend</Filter>
    </None>
    <None Include="Engine\CfxResolve.comp">
      <Filter>Shaders\Blend</Filter>
    </None>
    <None Include="Scene2D\FractalFlame.frag">
      <Filter>Shaders\Scene</Filter>
    </None>
    <None Include="Scene2D\GalaxyCollision.frag">
      <Filter>Shaders\Scene</Filter>
    </None>
    <None Include="Scene2D\Murmuration.frag">
      <Filter>Shaders\Scene</Filter>
    </None>
    <None Include="Scene2D\ParticleFlow.frag">
      <Filter>Shaders\Scene</Filter>
    </None>
    <None Include="Engine\CfxCrystal.comp">
      <Filter>Shaders\Blend</Filter>
    </None>
    <None Include="Engine\CfxCrystalSeed.comp">
      <Filter>Shaders\Blend</Filter>
    </None>
    <None Include="Engine\CfxLightningSeed.comp">
      <Filter>Shaders\Blend</Filter>
    </None>
    <None Include="Engine\CfxLightningStep.comp">
      <Filter>Shaders\Blend</Filter>
    </None>
    <None Include="Engine\CfxPhoton.comp">
      <Filter>Shaders\Blend</Filter>
    </None>
    <None Include="Engine\CfxWave.comp">
      <Filter>Shaders\Blend</Filter>
    </None>
    <None Include="Scene2D\CausticPool.frag">
      <Filter>Shaders\Scene</Filter>
    </None>
    <None Include="Scene2D\CrystalGrowth.frag">
      <Filter>Shaders\Scene</Filter>
    </None>
    <None Include="Scene2D\LightningStorm.frag">
      <Filter>Shaders\Scene</Filter>
    </None>
    <None Include="Engine\CfxPixelSort.comp">
      <Filter>Shaders\Blend</Filter>
    </None>
    <None Include="Scene2D\PixelMelt.frag">
      <Filter>Shaders\Scene</Filter>
    </None>
    <None Include="Engine\CfxFFT.comp">
      <Filter>Shaders\Blend</Filter>
    </None>
    <None Include="Engine\CfxFFTLoad.comp">
      <Filter>Shaders\Blend</Filter>
    </None>
    <None Include="Engine\CfxFFTMask.comp">
      <Filter>Shaders\Blend</Filter>
    </None>
    <None Include="Engine\CfxFFTStore.comp">
      <Filter>Shaders\Blend</Filter>
    </None>
    <None Include="Scene2D\SpectrumFilter.frag">
      <Filter>Shaders\Scene</Filter>
    </None>
    <None Include="Engine\CfxErosion.comp">
      <Filter>Shaders\Blend</Filter>
    </None>
    <None Include="Engine\CfxErosionSeed.comp">
      <Filter>Shaders\Blend</Filter>
    </None>
    <None Include="Engine\CfxFerro.comp">
      <Filter>Shaders\Blend</Filter>
    </None>
    <None Include="Engine\CfxNSAdvect.comp">
      <Filter>Shaders\Blend</Filter>
    </None>
    <None Include="Engine\CfxNSDiv.comp">
      <Filter>Shaders\Blend</Filter>
    </None>
    <None Include="Engine\CfxNSJacobi.comp">
      <Filter>Shaders\Blend</Filter>
    </None>
    <None Include="Engine\CfxNSProject.comp">
      <Filter>Shaders\Blend</Filter>
    </None>
    <None Include="Scene2D\ErodedLand.frag">
      <Filter>Shaders\Scene</Filter>
    </None>
    <None Include="Scene2D\FerroSpikes.frag">
      <Filter>Shaders\Scene</Filter>
    </None>
    <None Include="Scene2D\InkTank.frag">
      <Filter>Shaders\Scene</Filter>
    </None>
    <None Include="Engine\CfxCloth.comp">
      <Filter>Shaders\Blend</Filter>
    </None>
    <None Include="Engine\CfxClothInit.comp">
      <Filter>Shaders\Blend</Filter>
    </None>
    <None Include="Engine\CfxMetalStep.comp">
      <Filter>Shaders\Blend</Filter>
    </None>
    <None Include="Engine\CfxShardInit.comp">
      <Filter>Shaders\Blend</Filter>
    </None>
    <None Include="Engine\CfxShardStep.comp">
      <Filter>Shaders\Blend</Filter>
    </None>
    <None Include="Scene2D\ClothDrape.frag">
      <Filter>Shaders\Scene</Filter>
    </None>
    <None Include="Scene2D\LiquidMetal.frag">
      <Filter>Shaders\Scene</Filter>
    </None>
    <None Include="Scene2D\ShatterField.frag">
      <Filter>Shaders\Scene</Filter>
    </None>
    <None Include="Engine\CfxHistogram.comp">
      <Filter>Shaders\Blend</Filter>
    </None>
    <None Include="Scene2D\EventHorizon.frag">
      <Filter>Shaders\Scene</Filter>
    </None>
    <None Include="Engine\IndirectClamp.comp">
      <Filter>Shaders\Blend</Filter>
    </None>
    <None Include="FX\FxDepthField.frag">
      <Filter>Shaders\Combine</Filter>
    </None>
    <None Include="FX\FxSunShafts.frag">
      <Filter>Shaders\Combine</Filter>
    </None>
    <None Include="FX\FxAmbientOcclusion.frag">
      <Filter>Shaders\Combine</Filter>
    </None>
    <None Include="FX\FxDepthFog.frag">
      <Filter>Shaders\Combine</Filter>
    </None>
    <None Include="Engine\OitResolve.frag">
      <Filter>Shaders\Blend</Filter>
    </None>
    <None Include="Scene2D\Halftone.frag">
      <Filter>Shaders\Scene</Filter>
    </None>
    <None Include="Scene2D\Snowfall.frag">
      <Filter>Shaders\Scene</Filter>
    </None>
    <None Include="Scene2D\Tonnetz.frag">
      <Filter>Shaders\Scene</Filter>
    </None>
    <None Include="Scene2D\VoronoiShatter.frag">
      <Filter>Shaders\Scene</Filter>
    </None>
    <None Include="FX\FxEdgeInk.frag">
      <Filter>Shaders\Combine</Filter>
    </None>
    <None Include="FX\FxHeatShimmer.frag">
      <Filter>Shaders\Combine</Filter>
    </None>
    <None Include="FX\FxRimLight.frag">
      <Filter>Shaders\Combine</Filter>
    </None>
    <None Include="FX\FxWiggle.frag">
      <Filter>Shaders\Combine</Filter>
    </None>
    <None Include="Scene2D\IceCrack.frag">
      <Filter>Shaders\Scene</Filter>
    </None>
    <None Include="Engine\Blit.frag">
      <Filter>Shaders\Blend</Filter>
    </None>
    <None Include="Engine\Fullscreen.vert">
      <Filter>Shaders\Blend</Filter>
    </None>
    <None Include="Engine\PhysarumDiffuse.comp">
      <Filter>Shaders\Blend</Filter>
    </None>
    <None Include="Engine\Feedback.frag">
      <Filter>Shaders\Blend</Filter>
    </None>
    <None Include="Engine\StereoMix.frag">
      <Filter>Shaders\Blend</Filter>
    </None>
    <None Include="Engine\FluidSim.frag">
      <Filter>Shaders\Blend</Filter>
    </None>
    <None Include="Engine\PhysarumAgents.frag">
      <Filter>Shaders\Blend</Filter>
    </None>
    <None Include="Engine\PhysarumDeposit.frag">
      <Filter>Shaders\Blend</Filter>
    </None>
    <None Include="Engine\PhysarumDeposit.vert">
      <Filter>Shaders\Blend</Filter>
    </None>
    <None Include="Engine\PhysarumDiffuse.frag">
      <Filter>Shaders\Blend</Filter>
    </None>
    <None Include="Engine\Present.frag">
      <Filter>Shaders\Blend</Filter>
    </None>
    <None Include="Engine\ReactionDiffusionSim.frag">
      <Filter>Shaders\Blend</Filter>
    </None>
    <None Include="Engine\Smoke3DSim.frag">
      <Filter>Shaders\Blend</Filter>
    </None>
    <None Include="standard.vert">
      <Filter>Shaders</Filter>
    </None>
    <None Include="Scene3D\AsteroidBelt.frag">
      <Filter>Shaders\Scene3D</Filter>
    </None>
    <None Include="Scene3D\AuroraVeil.frag">
      <Filter>Shaders\Scene3D</Filter>
    </None>
    <None Include="Scene3D\BioCell.frag">
      <Filter>Shaders\Scene3D</Filter>
    </None>
    <None Include="Scene3D\BioCell.vert">
      <Filter>Shaders\Scene3D</Filter>
    </None>
    <None Include="Scene3D\CometRide.frag">
      <Filter>Shaders\Scene3D</Filter>
    </None>
    <None Include="Scene3D\ConcertCrowd.frag">
      <Filter>Shaders\Scene3D</Filter>
    </None>
    <None Include="Scene3D\ConcertCrowd.vert">
      <Filter>Shaders\Scene3D</Filter>
    </None>
    <None Include="Scene3D\CrystalGrowth.frag">
      <Filter>Shaders\Scene3D</Filter>
    </None>
    <None Include="Scene3D\CrystalGrowth.vert">
      <Filter>Shaders\Scene3D</Filter>
    </None>
    <None Include="Scene3D\SciFiHUD.frag">
      <Filter>Shaders\Scene3D</Filter>
    </None>
    <None Include="Scene3D\SciFiHUD.vert">
      <Filter>Shaders\Scene3D</Filter>
    </None>
    <None Include="Scene3D\StainedGlassRosette.frag">
      <Filter>Shaders\Scene3D</Filter>
    </None>
    <None Include="Scene3D\StainedGlassRosette.vert">
      <Filter>Shaders\Scene3D</Filter>
    </None>
    <None Include="Scene3D\Wormhole.frag">
      <Filter>Shaders\Scene3D</Filter>
    </None>
    <None Include="Scene3D\Wormhole.vert">
      <Filter>Shaders\Scene3D</Filter>
    </None>
    <None Include="Scene3D\CometRide.vert">
      <Filter>Shaders\Scene3D</Filter>
    </None>
    <None Include="Scene3D\DragonFlight.frag">
      <Filter>Shaders\Scene3D</Filter>
    </None>
    <None Include="Scene3D\DragonFlight.vert">
      <Filter>Shaders\Scene3D</Filter>
    </None>
    <None Include="Scene3D\GearWorks.frag">
      <Filter>Shaders\Scene3D</Filter>
    </None>
    <None Include="Scene3D\GearWorks.vert">
      <Filter>Shaders\Scene3D</Filter>
    </None>
    <None Include="Scene3D\MonolithField.frag">
      <Filter>Shaders\Scene3D</Filter>
    </None>
    <None Include="Scene3D\MonolithField.vert">
      <Filter>Shaders\Scene3D</Filter>
    </None>
    <None Include="Scene3D\OrbitalDrop.frag">
      <Filter>Shaders\Scene3D</Filter>
    </None>
    <None Include="Scene3D\OrbitalDrop.vert">
      <Filter>Shaders\Scene3D</Filter>
    </None>
    <None Include="Scene3D\RollerCoaster.frag">
      <Filter>Shaders\Scene3D</Filter>
    </None>
    <None Include="Scene3D\RollerCoaster.vert">
      <Filter>Shaders\Scene3D</Filter>
    </None>
    <None Include="Scene3D\ThunderCloud.frag">
      <Filter>Shaders\Scene3D</Filter>
    </None>
    <None Include="Scene3D\ThunderCloud.vert">
      <Filter>Shaders\Scene3D</Filter>
    </None>
    <None Include="Scene3D\TronCycles.frag">
      <Filter>Shaders\Scene3D</Filter>
    </None>
    <None Include="Scene3D\TronCycles.vert">
      <Filter>Shaders\Scene3D</Filter>
    </None>
    <None Include="Scene3D\VolcanoIsland.frag">
      <Filter>Shaders\Scene3D</Filter>
    </None>
    <None Include="Scene3D\VolcanoIsland.vert">
      <Filter>Shaders\Scene3D</Filter>
    </None>
    <None Include="Scene3D\VolumetricFire.frag">
      <Filter>Shaders\Scene3D</Filter>
    </None>
    <None Include="Scene3D\VolumetricFire.vert">
      <Filter>Shaders\Scene3D</Filter>
    </None>
    <None Include="Scene3D\AuroraVeil.vert">
      <Filter>Shaders\Scene3D</Filter>
    </None>
    <None Include="Scene3D\ChromeFlow.frag">
      <Filter>Shaders\Scene3D</Filter>
    </None>
    <None Include="Scene3D\ChromeFlow.vert">
      <Filter>Shaders\Scene3D</Filter>
    </None>
    <None Include="Scene3D\EchoSpiral.frag">
      <Filter>Shaders\Scene3D</Filter>
    </None>
    <None Include="Scene3D\EchoSpiral.vert">
      <Filter>Shaders\Scene3D</Filter>
    </None>
    <None Include="Scene3D\FireflyField.frag">
      <Filter>Shaders\Scene3D</Filter>
    </None>
    <None Include="Scene3D\FireflyField.vert">
      <Filter>Shaders\Scene3D</Filter>
    </None>
    <None Include="Scene3D\GyroRings.frag">
      <Filter>Shaders\Scene3D</Filter>
    </None>
    <None Include="Scene3D\GyroRings.vert">
      <Filter>Shaders\Scene3D</Filter>
    </None>
    <None Include="Scene3D\HarmonicStrings.frag">
      <Filter>Shaders\Scene3D</Filter>
    </None>
    <None Include="Scene3D\HarmonicStrings.vert">
      <Filter>Shaders\Scene3D</Filter>
    </None>
    <None Include="Scene3D\LissajousOrbits.frag">
      <Filter>Shaders\Scene3D</Filter>
    </None>
    <None Include="Scene3D\LissajousOrbits.vert">
      <Filter>Shaders\Scene3D</Filter>
    </None>
    <None Include="Scene3D\MandalaGrid.frag">
      <Filter>Shaders\Scene3D</Filter>
    </None>
    <None Include="Scene3D\MandalaGrid.vert">
      <Filter>Shaders\Scene3D</Filter>
    </None>
    <None Include="Scene3D\NebulaCloud.frag">
      <Filter>Shaders\Scene3D</Filter>
    </None>
    <None Include="Scene3D\NebulaCloud.vert">
      <Filter>Shaders\Scene3D</Filter>
    </None>
    <None Include="Scene3D\OrbitalShells.frag">
      <Filter>Shaders\Scene3D</Filter>
    </None>
    <None Include="Scene3D\OrbitalShells.vert">
      <Filter>Shaders\Scene3D</Filter>
    </None>
    <None Include="Scene3D\OscilloRings.frag">
      <Filter>Shaders\Scene3D</Filter>
    </None>
    <None Include="Scene3D\OscilloRings.vert">
      <Filter>Shaders\Scene3D</Filter>
    </None>
    <None Include="Scene3D\Phyllotaxis.frag">
      <Filter>Shaders\Scene3D</Filter>
    </None>
    <None Include="Scene3D\Phyllotaxis.vert">
      <Filter>Shaders\Scene3D</Filter>
    </None>
    <None Include="Scene3D\BloomSculpt.frag">
      <Filter>Shaders\Scene3D</Filter>
    </None>
    <None Include="Scene3D\BloomSculpt.tesc">
      <Filter>Shaders\Scene3D</Filter>
    </None>
    <None Include="Scene3D\BloomSculpt.tese">
      <Filter>Shaders\Scene3D</Filter>
    </None>
    <None Include="Scene3D\BloomSculpt.vert">
      <Filter>Shaders\Scene3D</Filter>
    </None>
    <None Include="Scene3D\CymaticsPlate.frag">
      <Filter>Shaders\Scene3D</Filter>
    </None>
    <None Include="Scene3D\CymaticsPlate.vert">
      <Filter>Shaders\Scene3D</Filter>
    </None>
    <None Include="Scene3D\Detonation.frag">
      <Filter>Shaders\Scene3D</Filter>
    </None>
    <None Include="Scene3D\Detonation.geom">
      <Filter>Shaders\Scene3D</Filter>
    </None>
    <None Include="Scene3D\Detonation.vert">
      <Filter>Shaders\Scene3D</Filter>
    </None>
    <None Include="Scene3D\GrassField.frag">
      <Filter>Shaders\Scene3D</Filter>
    </None>
    <None Include="Scene3D\GrassField.geom">
      <Filter>Shaders\Scene3D</Filter>
    </None>
    <None Include="Scene3D\GrassField.vert">
      <Filter>Shaders\Scene3D</Filter>
    </None>
    <None Include="Scene3D\Ocean.frag">
      <Filter>Shaders\Scene3D</Filter>
    </None>
    <None Include="Scene3D\Ocean.tesc">
      <Filter>Shaders\Scene3D</Filter>
    </None>
    <None Include="Scene3D\Ocean.tese">
      <Filter>Shaders\Scene3D</Filter>
    </None>
    <None Include="Scene3D\Ocean.vert">
      <Filter>Shaders\Scene3D</Filter>
    </None>
    <None Include="Scene3D\SpectroCanyon.frag">
      <Filter>Shaders\Scene3D</Filter>
    </None>
    <None Include="Scene3D\SpectroCanyon.tesc">
      <Filter>Shaders\Scene3D</Filter>
    </None>
    <None Include="Scene3D\SpectroCanyon.tese">
      <Filter>Shaders\Scene3D</Filter>
    </None>
    <None Include="Scene3D\SpectroCanyon.vert">
      <Filter>Shaders\Scene3D</Filter>
    </None>
    <None Include="Scene3D\MetaSculpt.frag">
      <Filter>Shaders\Scene3D</Filter>
    </None>
    <None Include="Scene3D\MetaSculpt.vert">
      <Filter>Shaders\Scene3D</Filter>
    </None>
    <None Include="Scene3D\MetaSculpt.comp">
      <Filter>Shaders\Scene3D</Filter>
    </None>
    <None Include="Scene3D\GrowthTree.comp">
      <Filter>Shaders\Scene3D</Filter>
    </None>
    <None Include="Scene3D\GrowthTree.frag">
      <Filter>Shaders\Scene3D</Filter>
    </None>
    <None Include="Scene3D\GrowthTree.vert">
      <Filter>Shaders\Scene3D</Filter>
    </None>
    <None Include="Scene3D\SpectrumCity.comp">
      <Filter>Shaders\Scene3D</Filter>
    </None>
    <None Include="Scene3D\SpectrumCity.frag">
      <Filter>Shaders\Scene3D</Filter>
    </None>
    <None Include="Scene3D\SpectrumCity.vert">
      <Filter>Shaders\Scene3D</Filter>
    </None>
    <None Include="Scene3D\Blueprint.frag">
      <Filter>Shaders\Scene3D</Filter>
    </None>
    <None Include="Scene3D\Blueprint.geom">
      <Filter>Shaders\Scene3D</Filter>
    </None>
    <None Include="Scene3D\Blueprint.vert">
      <Filter>Shaders\Scene3D</Filter>
    </None>
    <None Include="Scene3D\HairCurtain.frag">
      <Filter>Shaders\Scene3D</Filter>
    </None>
    <None Include="Scene3D\HairCurtain.geom">
      <Filter>Shaders\Scene3D</Filter>
    </None>
    <None Include="Scene3D\HairCurtain.vert">
      <Filter>Shaders\Scene3D</Filter>
    </None>
    <None Include="Scene3D\Magnetosphere.comp">
      <Filter>Shaders\Scene3D</Filter>
    </None>
    <None Include="Scene3D\Magnetosphere.frag">
      <Filter>Shaders\Scene3D</Filter>
    </None>
    <None Include="Scene3D\Magnetosphere.vert">
      <Filter>Shaders\Scene3D</Filter>
    </None>
    <None Include="Scene3D\PillarHall.frag">
      <Filter>Shaders\Scene3D</Filter>
    </None>
    <None Include="Scene3D\PillarHall.vert">
      <Filter>Shaders\Scene3D</Filter>
    </None>
    <None Include="Scene3D\GlassStack.frag">
      <Filter>Shaders\Scene3D</Filter>
    </None>
    <None Include="Scene3D\GlassStack.vert">
      <Filter>Shaders\Scene3D</Filter>
    </None>
    <None Include="Scene3D\FlowRibbons.comp">
      <Filter>Shaders\Scene3D</Filter>
    </None>
    <None Include="Scene3D\FlowRibbons.frag">
      <Filter>Shaders\Scene3D</Filter>
    </None>
    <None Include="Scene3D\FlowRibbons.vert">
      <Filter>Shaders\Scene3D</Filter>
    </None>
    <None Include="Scene3D\Skyburst.comp">
      <Filter>Shaders\Scene3D</Filter>
    </None>
    <None Include="Scene3D\Skyburst.frag">
      <Filter>Shaders\Scene3D</Filter>
    </None>
    <None Include="Scene3D\Skyburst.vert">
      <Filter>Shaders\Scene3D</Filter>
    </None>
    <None Include="Scene3D\Harmonograph.comp">
      <Filter>Shaders\Scene3D</Filter>
    </None>
    <None Include="Scene3D\Harmonograph.frag">
      <Filter>Shaders\Scene3D</Filter>
    </None>
    <None Include="Scene3D\Harmonograph.vert">
      <Filter>Shaders\Scene3D</Filter>
    </None>
    <None Include="Scene3D\SpectroWeave.comp">
      <Filter>Shaders\Scene3D</Filter>
    </None>
    <None Include="Scene3D\SpectroWeave.frag">
      <Filter>Shaders\Scene3D</Filter>
    </None>
    <None Include="Scene3D\SpectroWeave.vert">
      <Filter>Shaders\Scene3D</Filter>
    </None>
    <None Include="Scene3D\CoralGrowth.comp">
      <Filter>Shaders\Scene3D</Filter>
    </None>
    <None Include="Scene3D\CoralGrowth.frag">
      <Filter>Shaders\Scene3D</Filter>
    </None>
    <None Include="Scene3D\CoralGrowth.vert">
      <Filter>Shaders\Scene3D</Filter>
    </None>
    <None Include="Scene3D\Origami.comp">
      <Filter>Shaders\Scene3D</Filter>
    </None>
    <None Include="Scene3D\Origami.frag">
      <Filter>Shaders\Scene3D</Filter>
    </None>
    <None Include="Scene3D\Origami.vert">
      <Filter>Shaders\Scene3D</Filter>
    </None>
    <None Include="Scene3D\CathedralGlass.comp">
      <Filter>Shaders\Scene3D</Filter>
    </None>
    <None Include="Scene3D\CathedralGlass.frag">
      <Filter>Shaders\Scene3D</Filter>
    </None>
    <None Include="Scene3D\CathedralGlass.vert">
      <Filter>Shaders\Scene3D</Filter>
    </None>
    <None Include="Scene3D\SmokeHall.comp">
      <Filter>Shaders\Scene3D</Filter>
    </None>
    <None Include="Scene3D\SmokeHall.frag">
      <Filter>Shaders\Scene3D</Filter>
    </None>
    <None Include="Scene3D\SmokeHall.vert">
      <Filter>Shaders\Scene3D</Filter>
    </None>
    <None Include="Scene3D\ShadowForest.comp">
      <Filter>Shaders\Scene3D</Filter>
    </None>
    <None Include="Scene3D\ShadowForest.frag">
      <Filter>Shaders\Scene3D</Filter>
    </None>
    <None Include="Scene3D\ShadowForest.vert">
      <Filter>Shaders\Scene3D</Filter>
    </None>
    <None Include="Scene3D\DrumSkin.comp">
      <Filter>Shaders\Scene3D</Filter>
    </None>
    <None Include="Scene3D\DrumSkin.frag">
      <Filter>Shaders\Scene3D</Filter>
    </None>
    <None Include="Scene3D\DrumSkin.vert">
      <Filter>Shaders\Scene3D</Filter>
    </None>
    <None Include="Scene3D\VideoRelief.frag">
      <Filter>Shaders\Scene3D</Filter>
    </None>
    <None Include="Scene3D\VideoRelief.vert">
      <Filter>Shaders\Scene3D</Filter>
    </None>
    <None Include="Scene3D\FeatherStorm.comp">
      <Filter>Shaders\Scene3D</Filter>
    </None>
    <None Include="Scene3D\FeatherStorm.frag">
      <Filter>Shaders\Scene3D</Filter>
    </None>
    <None Include="Scene3D\FeatherStorm.vert">
      <Filter>Shaders\Scene3D</Filter>
    </None>
    <None Include="Scene3D\PrismExplode.comp">
      <Filter>Shaders\Scene3D</Filter>
    </None>
    <None Include="Scene3D\PrismExplode.frag">
      <Filter>Shaders\Scene3D</Filter>
    </None>
    <None Include="Scene3D\PrismExplode.vert">
      <Filter>Shaders\Scene3D</Filter>
    </None>
    <None Include="Scene3D\Planet4D.frag">
      <Filter>Shaders\Scene3D</Filter>
    </None>
    <None Include="Scene3D\Planet4D.vert">
      <Filter>Shaders\Scene3D</Filter>
    </None>
    <None Include="Scene3D\PlasmaSheet.frag">
      <Filter>Shaders\Scene3D</Filter>
    </None>
    <None Include="Scene3D\PlasmaSheet.vert">
      <Filter>Shaders\Scene3D</Filter>
    </None>
    <None Include="Scene3D\PolyDance.frag">
      <Filter>Shaders\Scene3D</Filter>
    </None>
    <None Include="Scene3D\PolyDance.vert">
      <Filter>Shaders\Scene3D</Filter>
    </None>
    <None Include="Scene3D\RainOnWater.frag">
      <Filter>Shaders\Scene3D</Filter>
    </None>
    <None Include="Scene3D\RainOnWater.vert">
      <Filter>Shaders\Scene3D</Filter>
    </None>
    <None Include="Scene3D\RoseOrbit.frag">
      <Filter>Shaders\Scene3D</Filter>
    </None>
    <None Include="Scene3D\RoseOrbit.vert">
      <Filter>Shaders\Scene3D</Filter>
    </None>
    <None Include="Scene3D\SineTunnel.frag">
      <Filter>Shaders\Scene3D</Filter>
    </None>
    <None Include="Scene3D\SineTunnel.vert">
      <Filter>Shaders\Scene3D</Filter>
    </None>
    <None Include="Scene3D\SnowDrift.frag">
      <Filter>Shaders\Scene3D</Filter>
    </None>
    <None Include="Scene3D\SnowDrift.vert">
      <Filter>Shaders\Scene3D</Filter>
    </None>
    <None Include="Scene3D\SpectralOrb.frag">
      <Filter>Shaders\Scene3D</Filter>
    </None>
    <None Include="Scene3D\SpectralOrb.vert">
      <Filter>Shaders\Scene3D</Filter>
    </None>
    <None Include="Scene3D\SpectralTorus.frag">
      <Filter>Shaders\Scene3D</Filter>
    </None>
    <None Include="Scene3D\SpectralTorus.vert">
      <Filter>Shaders\Scene3D</Filter>
    </None>
    <None Include="Scene3D\TorusKnot.frag">
      <Filter>Shaders\Scene3D</Filter>
    </None>
    <None Include="Scene3D\TorusKnot.vert">
      <Filter>Shaders\Scene3D</Filter>
    </None>
    <None Include="Scene3D\WaveRibbon.frag">
      <Filter>Shaders\Scene3D</Filter>
    </None>
    <None Include="Scene3D\WaveRibbon.vert">
      <Filter>Shaders\Scene3D</Filter>
    </None>
    <None Include="Scene3D\AsteroidBelt.vert">
      <Filter>Shaders\Scene3D</Filter>
    </None>
    <None Include="Scene3D\BillboardCity.frag">
      <Filter>Shaders\Scene3D</Filter>
    </None>
    <None Include="Scene3D\BillboardCity.vert">
      <Filter>Shaders\Scene3D</Filter>
    </None>
    <None Include="Scene3D\BlackHole.frag">
      <Filter>Shaders\Scene3D</Filter>
    </None>
    <None Include="Scene3D\BlackHole.vert">
      <Filter>Shaders\Scene3D</Filter>
    </None>
    <None Include="Scene3D\GalleryHall.frag">
      <Filter>Shaders\Scene3D</Filter>
    </None>
    <None Include="Scene3D\GalleryHall.vert">
      <Filter>Shaders\Scene3D</Filter>
    </None>
    <None Include="Scene3D\JellyBody.frag">
      <Filter>Shaders\Scene3D</Filter>
    </None>
    <None Include="Scene3D\JellyBody.vert">
      <Filter>Shaders\Scene3D</Filter>
    </None>
    <None Include="Scene3D\Jellyfish.frag">
      <Filter>Shaders\Scene3D</Filter>
    </None>
    <None Include="Scene3D\Jellyfish.vert">
      <Filter>Shaders\Scene3D</Filter>
    </None>
    <None Include="Scene3D\KaleidoDome.frag">
      <Filter>Shaders\Scene3D</Filter>
    </None>
    <None Include="Scene3D\KaleidoDome.vert">
      <Filter>Shaders\Scene3D</Filter>
    </None>
    <None Include="Scene3D\KelpForest.frag">
      <Filter>Shaders\Scene3D</Filter>
    </None>
    <None Include="Scene3D\KelpForest.vert">
      <Filter>Shaders\Scene3D</Filter>
    </None>
    <None Include="Scene3D\LanternRise.frag">
      <Filter>Shaders\Scene3D</Filter>
    </None>
    <None Include="Scene3D\LanternRise.vert">
      <Filter>Shaders\Scene3D</Filter>
    </None>
    <None Include="Scene3D\LaserArena.frag">
      <Filter>Shaders\Scene3D</Filter>
    </None>
    <None Include="Scene3D\LaserArena.vert">
      <Filter>Shaders\Scene3D</Filter>
    </None>
    <None Include="Scene3D\MelodyScript.frag">
      <Filter>Shaders\Scene3D</Filter>
    </None>
    <None Include="Scene3D\MelodyScript.vert">
      <Filter>Shaders\Scene3D</Filter>
    </None>
    <None Include="Scene3D\MeteorStorm.frag">
      <Filter>Shaders\Scene3D</Filter>
    </None>
    <None Include="Scene3D\MeteorStorm.vert">
      <Filter>Shaders\Scene3D</Filter>
    </None>
    <None Include="Scene3D\MosaicWave.frag">
      <Filter>Shaders\Scene3D</Filter>
    </None>
    <None Include="Scene3D\MosaicWave.vert">
      <Filter>Shaders\Scene3D</Filter>
    </None>
    <None Include="Scene3D\OceanNight.frag">
      <Filter>Shaders\Scene3D</Filter>
    </None>
    <None Include="Scene3D\OceanNight.vert">
      <Filter>Shaders\Scene3D</Filter>
    </None>
    <None Include="Scene3D\PhotoCarousel.frag">
      <Filter>Shaders\Scene3D</Filter>
    </None>
    <None Include="Scene3D\PhotoCarousel.vert">
      <Filter>Shaders\Scene3D</Filter>
    </None>
    <None Include="Scene3D\PhotoShatter.frag">
      <Filter>Shaders\Scene3D</Filter>
    </None>
    <None Include="Scene3D\PhotoShatter.vert">
      <Filter>Shaders\Scene3D</Filter>
    </None>
    <None Include="Scene3D\PhotoSphere.frag">
      <Filter>Shaders\Scene3D</Filter>
    </None>
    <None Include="Scene3D\PhotoSphere.vert">
      <Filter>Shaders\Scene3D</Filter>
    </None>
    <None Include="Scene3D\PhotoTunnel.frag">
      <Filter>Shaders\Scene3D</Filter>
    </None>
    <None Include="Scene3D\PhotoTunnel.vert">
      <Filter>Shaders\Scene3D</Filter>
    </None>
    <None Include="Scene3D\PhotoVortex.frag">
      <Filter>Shaders\Scene3D</Filter>
    </None>
    <None Include="Scene3D\PhotoVortex.vert">
      <Filter>Shaders\Scene3D</Filter>
    </None>
    <None Include="Scene3D\SilkPhoto.frag">
      <Filter>Shaders\Scene3D</Filter>
    </None>
    <None Include="Scene3D\SilkPhoto.vert">
      <Filter>Shaders\Scene3D</Filter>
    </None>
    <None Include="Scene3D\SpectrumArena.frag">
      <Filter>Shaders\Scene3D</Filter>
    </None>
    <None Include="Scene3D\SpectrumArena.vert">
      <Filter>Shaders\Scene3D</Filter>
    </None>
    <None Include="Scene3D\SpiralArray.frag">
      <Filter>Shaders\Scene3D</Filter>
    </None>
    <None Include="Scene3D\SpiralArray.vert">
      <Filter>Shaders\Scene3D</Filter>
    </None>
    <None Include="Scene3D\Tornado.frag">
      <Filter>Shaders\Scene3D</Filter>
    </None>
    <None Include="Scene3D\Tornado.vert">
      <Filter>Shaders\Scene3D</Filter>
    </None>
    <None Include="Scene3D\CrystalCave.frag">
      <Filter>Shaders\Scene3D</Filter>
    </None>
    <None Include="Scene3D\CrystalCave.vert">
      <Filter>Shaders\Scene3D</Filter>
    </None>
    <None Include="Scene3D\Fireworks.frag">
      <Filter>Shaders\Scene3D</Filter>
    </None>
    <None Include="Scene3D\Fireworks.vert">
      <Filter>Shaders\Scene3D</Filter>
    </None>
    <None Include="Scene3D\HelixTower.frag">
      <Filter>Shaders\Scene3D</Filter>
    </None>
    <None Include="Scene3D\HelixTower.vert">
      <Filter>Shaders\Scene3D</Filter>
    </None>
    <None Include="Scene3D\PlanetRings.frag">
      <Filter>Shaders\Scene3D</Filter>
    </None>
    <None Include="Scene3D\PlanetRings.vert">
      <Filter>Shaders\Scene3D</Filter>
    </None>
    <None Include="Scene3D\PortalRush.frag">
      <Filter>Shaders\Scene3D</Filter>
    </None>
    <None Include="Scene3D\PortalRush.vert">
      <Filter>Shaders\Scene3D</Filter>
    </None>
    <None Include="Scene3D\StrangeAttractor.frag">
      <Filter>Shaders\Scene3D</Filter>
    </None>
    <None Include="Scene3D\StrangeAttractor.vert">
      <Filter>Shaders\Scene3D</Filter>
    </None>
    <None Include="Scene3D\Swarm.frag">
      <Filter>Shaders\Scene3D</Filter>
    </None>
    <None Include="Scene3D\Swarm.vert">
      <Filter>Shaders\Scene3D</Filter>
    </None>
    <None Include="Scene3D\SynthTerrain.frag">
      <Filter>Shaders\Scene3D</Filter>
    </None>
    <None Include="Scene3D\SynthTerrain.vert">
      <Filter>Shaders\Scene3D</Filter>
    </None>
    <None Include="Scene3D\WarpStars.frag">
      <Filter>Shaders\Scene3D</Filter>
    </None>
    <None Include="Scene3D\WarpStars.vert">
      <Filter>Shaders\Scene3D</Filter>
    </None>
    <None Include="Scene3D\CubeWave.frag">
      <Filter>Shaders\Scene3D</Filter>
    </None>
    <None Include="Scene3D\CubeWave.vert">
      <Filter>Shaders\Scene3D</Filter>
    </None>
    <None Include="Scene3D\ParticleGalaxy.frag">
      <Filter>Shaders\Scene3D</Filter>
    </None>
    <None Include="Scene3D\ParticleGalaxy.vert">
      <Filter>Shaders\Scene3D</Filter>
    </None>
    <None Include="Scene3D\RibbonTunnel.frag">
      <Filter>Shaders\Scene3D</Filter>
    </None>
    <None Include="Scene3D\RibbonTunnel.vert">
      <Filter>Shaders\Scene3D</Filter>
    </None>
    <None Include="Scene3D\CosmicBoidsVortex.vert">
      <Filter>Shaders\Scene3D</Filter>
    </None>
    <None Include="Scene3D\CosmicBoidsVortex.frag">
      <Filter>Shaders\Scene3D</Filter>
    </None>
    <None Include="Scene3D\SuperconductorLevitation.vert">
      <Filter>Shaders\Scene3D</Filter>
    </None>
    <None Include="Scene3D\SuperconductorLevitation.frag">
      <Filter>Shaders\Scene3D</Filter>
    </None>
    <None Include="Scene3D\CyberRibbonHighway.vert">
      <Filter>Shaders\Scene3D</Filter>
    </None>
    <None Include="Scene3D\CyberRibbonHighway.frag">
      <Filter>Shaders\Scene3D</Filter>
    </None>
    <None Include="Scene3D\NeuroSynapseNetwork.vert">
      <Filter>Shaders\Scene3D</Filter>
    </None>
    <None Include="Scene3D\NeuroSynapseNetwork.frag">
      <Filter>Shaders\Scene3D</Filter>
    </None>
    <None Include="Scene3D\CrystalMonoliths.vert">
      <Filter>Shaders\Scene3D</Filter>
    </None>
    <None Include="Scene3D\CrystalMonoliths.frag">
      <Filter>Shaders\Scene3D</Filter>
    </None>
    <None Include="Scene3D\PlasmaVortexGrid.vert">
      <Filter>Shaders\Scene3D</Filter>
    </None>
    <None Include="Scene3D\PlasmaVortexGrid.frag">
      <Filter>Shaders\Scene3D</Filter>
    </None>
    <None Include="Scene3D\LaserSpireArray.vert">
      <Filter>Shaders\Scene3D</Filter>
    </None>
    <None Include="Scene3D\LaserSpireArray.geom">
      <Filter>Shaders\Scene3D</Filter>
    </None>
    <None Include="Scene3D\LaserSpireArray.frag">
      <Filter>Shaders\Scene3D</Filter>
    </None>
    <None Include="Scene3D\CrystalShatterBurst.vert">
      <Filter>Shaders\Scene3D</Filter>
    </None>
    <None Include="Scene3D\CrystalShatterBurst.geom">
      <Filter>Shaders\Scene3D</Filter>
    </None>
    <None Include="Scene3D\CrystalShatterBurst.frag">
      <Filter>Shaders\Scene3D</Filter>
    </None>
    <None Include="Scene3D\BioluminescentSwarm.comp">
      <Filter>Shaders\Scene3D</Filter>
    </None>
    <None Include="Scene3D\BioluminescentSwarm.vert">
      <Filter>Shaders\Scene3D</Filter>
    </None>
    <None Include="Scene3D\BioluminescentSwarm.frag">
      <Filter>Shaders\Scene3D</Filter>
    </None>
    <None Include="Scene3D\QuantumVortexField.comp">
      <Filter>Shaders\Scene3D</Filter>
    </None>
    <None Include="Scene3D\QuantumVortexField.vert">
      <Filter>Shaders\Scene3D</Filter>
    </None>
    <None Include="Scene3D\QuantumVortexField.frag">
      <Filter>Shaders\Scene3D</Filter>
    </None>
    <None Include="Scene3D\GlacierTessellation.vert">
      <Filter>Shaders\Scene3D</Filter>
    </None>
    <None Include="Scene3D\GlacierTessellation.tesc">
      <Filter>Shaders\Scene3D</Filter>
    </None>
    <None Include="Scene3D\GlacierTessellation.tese">
      <Filter>Shaders\Scene3D</Filter>
    </None>
    <None Include="Scene3D\GlacierTessellation.frag">
      <Filter>Shaders\Scene3D</Filter>
    </None>
    <None Include="Scene3D\TokamakFusionCore.comp">
      <Filter>Shaders\Scene3D</Filter>
    </None>
    <None Include="Scene3D\TokamakFusionCore.vert">
      <Filter>Shaders\Scene3D</Filter>
    </None>
    <None Include="Scene3D\TokamakFusionCore.frag">
      <Filter>Shaders\Scene3D</Filter>
    </None>
    <None Include="Scene3D\QuantumWavepacketCollapse.vert">
      <Filter>Shaders\Scene3D</Filter>
    </None>
    <None Include="Scene3D\QuantumWavepacketCollapse.frag">
      <Filter>Shaders\Scene3D</Filter>
    </None>
    <None Include="Scene3D\HolographicMemoryCore.vert">
      <Filter>Shaders\Scene3D</Filter>
    </None>
    <None Include="Scene3D\HolographicMemoryCore.frag">
      <Filter>Shaders\Scene3D</Filter>
    </None>
    <None Include="Scene3D\CyberVoxelTerraform.vert">
      <Filter>Shaders\Scene3D</Filter>
    </None>
    <None Include="Scene3D\CyberVoxelTerraform.frag">
      <Filter>Shaders\Scene3D</Filter>
    </None>
    <None Include="Scene3D\DeepSeaVentsEcosystem.comp">
      <Filter>Shaders\Scene3D</Filter>
    </None>
    <None Include="Scene3D\DeepSeaVentsEcosystem.vert">
      <Filter>Shaders\Scene3D</Filter>
    </None>
    <None Include="Scene3D\DeepSeaVentsEcosystem.frag">
      <Filter>Shaders\Scene3D</Filter>
    </None>
    <None Include="Scene3D\MyceliumNeuralPulse.comp">
      <Filter>Shaders\Scene3D</Filter>
    </None>
    <None Include="Scene3D\MyceliumNeuralPulse.vert">
      <Filter>Shaders\Scene3D</Filter>
    </None>
    <None Include="Scene3D\MyceliumNeuralPulse.frag">
      <Filter>Shaders\Scene3D</Filter>
    </None>
    <None Include="Scene3D\CoralReefFluorescence.vert">
      <Filter>Shaders\Scene3D</Filter>
    </None>
    <None Include="Scene3D\CoralReefFluorescence.frag">
      <Filter>Shaders\Scene3D</Filter>
    </None>
    <None Include="Scene3D\HopfFibrationToruses.vert">
      <Filter>Shaders\Scene3D</Filter>
    </None>
    <None Include="Scene3D\HopfFibrationToruses.frag">
      <Filter>Shaders\Scene3D</Filter>
    </None>
    <None Include="Scene3D\AuroraBorealisOverFjord.vert">
      <Filter>Shaders\Scene3D</Filter>
    </None>
    <None Include="Scene3D\AuroraBorealisOverFjord.tesc">
      <Filter>Shaders\Scene3D</Filter>
    </None>
    <None Include="Scene3D\AuroraBorealisOverFjord.tese">
      <Filter>Shaders\Scene3D</Filter>
    </None>
    <None Include="Scene3D\AuroraBorealisOverFjord.frag">
      <Filter>Shaders\Scene3D</Filter>
    </None>
    <None Include="Scene3D\LargeHadronCollision.vert">
      <Filter>Shaders\Scene3D</Filter>
    </None>
    <None Include="Scene3D\LargeHadronCollision.frag">
      <Filter>Shaders\Scene3D</Filter>
    </None>
    <None Include="Scene3D\SynchrotronRadiationRing.vert">
      <Filter>Shaders\Scene3D</Filter>
    </None>
    <None Include="Scene3D\SynchrotronRadiationRing.frag">
      <Filter>Shaders\Scene3D</Filter>
    </None>
    <None Include="Scene3D\KineticTesseractOrigami.vert">
      <Filter>Shaders\Scene3D</Filter>
    </None>
    <None Include="Scene3D\KineticTesseractOrigami.frag">
      <Filter>Shaders\Scene3D</Filter>
    </None>
    <None Include="Scene3D\JellyfishBioluminescenceAbyss.comp">
      <Filter>Shaders\Scene3D</Filter>
    </None>
    <None Include="Scene3D\JellyfishBioluminescenceAbyss.vert">
      <Filter>Shaders\Scene3D</Filter>
    </None>
    <None Include="Scene3D\JellyfishBioluminescenceAbyss.frag">
      <Filter>Shaders\Scene3D</Filter>
    </None>
    <None Include="Scene3D\CyberspaceDNAHelix.vert">
      <Filter>Shaders\Scene3D</Filter>
    </None>
    <None Include="Scene3D\CyberspaceDNAHelix.frag">
      <Filter>Shaders\Scene3D</Filter>
    </None>
    <None Include="Scene3D\BioluminescentForestCanopy.comp">
      <Filter>Shaders\Scene3D</Filter>
    </None>
    <None Include="Scene3D\BioluminescentForestCanopy.vert">
      <Filter>Shaders\Scene3D</Filter>
    </None>
    <None Include="Scene3D\BioluminescentForestCanopy.frag">
      <Filter>Shaders\Scene3D</Filter>
    </None>
    <None Include="Scene3D\DysonSwarmSolarHarvester.vert">
      <Filter>Shaders\Scene3D</Filter>
    </None>
    <None Include="Scene3D\DysonSwarmSolarHarvester.frag">
      <Filter>Shaders\Scene3D</Filter>
    </None>
    <None Include="Scene3D\SuperfluidHeliumVortexTurbulence.comp">
      <Filter>Shaders\Scene3D</Filter>
    </None>
    <None Include="Scene3D\SuperfluidHeliumVortexTurbulence.vert">
      <Filter>Shaders\Scene3D</Filter>
    </None>
    <None Include="Scene3D\SuperfluidHeliumVortexTurbulence.frag">
      <Filter>Shaders\Scene3D</Filter>
    </None>
    <None Include="Scene3D\ChladniAcousticPlate.vert">
      <Filter>Shaders\Scene3D</Filter>
    </None>
    <None Include="Scene3D\ChladniAcousticPlate.frag">
      <Filter>Shaders\Scene3D</Filter>
    </None>
    <None Include="Scene3D\QuantumQubitArray.vert">
      <Filter>Shaders\Scene3D</Filter>
    </None>
    <None Include="Scene3D\QuantumQubitArray.frag">
      <Filter>Shaders\Scene3D</Filter>
    </None>
    <None Include="Scene3D\LorenzAttractorTurbulence.vert">
      <Filter>Shaders\Scene3D</Filter>
    </None>
    <None Include="Scene3D\LorenzAttractorTurbulence.frag">
      <Filter>Shaders\Scene3D</Filter>
    </None>
    <None Include="Scene3D\StellarNurseryCollapse.vert">
      <Filter>Shaders\Scene3D</Filter>
    </None>
    <None Include="Scene3D\StellarNurseryCollapse.frag">
      <Filter>Shaders\Scene3D</Filter>
    </None>
    <None Include="Scene3D\SolarSailArmada.vert">
      <Filter>Shaders\Scene3D</Filter>
    </None>
    <None Include="Scene3D\SolarSailArmada.frag">
      <Filter>Shaders\Scene3D</Filter>
    </None>
    <None Include="Scene3D\BioluminescentOceanSwell.vert">
      <Filter>Shaders\Scene3D</Filter>
    </None>
    <None Include="Scene3D\BioluminescentOceanSwell.frag">
      <Filter>Shaders\Scene3D</Filter>
    </None>
    <None Include="Scene3D\CrystallineCavernTessellation.vert">
      <Filter>Shaders\Scene3D</Filter>
    </None>
    <None Include="Scene3D\CrystallineCavernTessellation.tesc">
      <Filter>Shaders\Scene3D</Filter>
    </None>
    <None Include="Scene3D\CrystallineCavernTessellation.tese">
      <Filter>Shaders\Scene3D</Filter>
    </None>
    <None Include="Scene3D\CrystallineCavernTessellation.frag">
      <Filter>Shaders\Scene3D</Filter>
    </None>
    <None Include="Scene3D\TeslaLightningTree.comp">
      <Filter>Shaders\Scene3D</Filter>
    </None>
    <None Include="Scene3D\TeslaLightningTree.vert">
      <Filter>Shaders\Scene3D</Filter>
    </None>
    <None Include="Scene3D\TeslaLightningTree.frag">
      <Filter>Shaders\Scene3D</Filter>
    </None>
    <None Include="Scene3D\SuperfluidVortexTangle.comp">
      <Filter>Shaders\Scene3D</Filter>
    </None>
    <None Include="Scene3D\SuperfluidVortexTangle.vert">
      <Filter>Shaders\Scene3D</Filter>
    </None>
    <None Include="Scene3D\SuperfluidVortexTangle.frag">
      <Filter>Shaders\Scene3D</Filter>
    </None>
    <None Include="Scene3D\DendriticSnowCrystal.comp">
      <Filter>Shaders\Scene3D</Filter>
    </None>
    <None Include="Scene3D\DendriticSnowCrystal.vert">
      <Filter>Shaders\Scene3D</Filter>
    </None>
    <None Include="Scene3D\DendriticSnowCrystal.frag">
      <Filter>Shaders\Scene3D</Filter>
    </None>
    <None Include="Scene3D\SolarWindMagnetosphere.vert">
      <Filter>Shaders\Scene3D</Filter>
    </None>
    <None Include="Scene3D\SolarWindMagnetosphere.frag">
      <Filter>Shaders\Scene3D</Filter>
    </None>
    <None Include="Scene3D\NeuralAxonSynapseCloud.vert">
      <Filter>Shaders\Scene3D</Filter>
    </None>
    <None Include="Scene3D\NeuralAxonSynapseCloud.frag">
      <Filter>Shaders\Scene3D</Filter>
    </None>
    <None Include="Scene3D\KineticMirrorHexagonArray.vert">
      <Filter>Shaders\Scene3D</Filter>
    </None>
    <None Include="Scene3D\KineticMirrorHexagonArray.frag">
      <Filter>Shaders\Scene3D</Filter>
    </None>
    <None Include="Scene3D\HypercubeLatticePillars.vert">
      <Filter>Shaders\Scene3D</Filter>
    </None>
    <None Include="Scene3D\HypercubeLatticePillars.frag">
      <Filter>Shaders\Scene3D</Filter>
    </None>
    <None Include="Scene3D\PlasmaFilamentTornado.comp">
      <Filter>Shaders\Scene3D</Filter>
    </None>
    <None Include="Scene3D\PlasmaFilamentTornado.vert">
      <Filter>Shaders\Scene3D</Filter>
    </None>
    <None Include="Scene3D\PlasmaFilamentTornado.frag">
      <Filter>Shaders\Scene3D</Filter>
    </None>
    <None Include="Scene3D\SuperconductingFluxVortex.comp">
      <Filter>Shaders\Scene3D</Filter>
    </None>
    <None Include="Scene3D\SuperconductingFluxVortex.vert">
      <Filter>Shaders\Scene3D</Filter>
    </None>
    <None Include="Scene3D\SuperconductingFluxVortex.frag">
      <Filter>Shaders\Scene3D</Filter>
    </None>
    <None Include="Configurations\Allround.xml">
      <Filter>Configurations</Filter>
    </None>
    <None Include="Configurations\Ambient.xml">
      <Filter>Configurations</Filter>
    </None>
    <None Include="Configurations\Club.xml">
      <Filter>Configurations</Filter>
    </None>
    <None Include="Configurations\Galerie.xml">
      <Filter>Configurations</Filter>
    </None>
    <None Include="Configurations\Komplett.xml">
      <Filter>Configurations</Filter>
    </None>
    <None Include="Configurations\Noir.xml">
      <Filter>Configurations</Filter>
    </None>
    <None Include="Configurations\Psychedelic.xml">
      <Filter>Configurations</Filter>
    </None>
  </ItemGroup>
</Project>
