<?xml version="1.0" encoding="utf-8"?>
<Project ToolsVersion="4.0" xmlns="http://schemas.microsoft.com/developer/msbuild/2003">
  <ItemGroup>
    <Filter Include="Source Files">
      <UniqueIdentifier>{a8a76030-87e2-4336-a4d5-d075835c4eff}</UniqueIdentifier>
    </Filter>
    <Filter Include="Header Files">
      <UniqueIdentifier>{eced039a-176d-44c5-8750-b2b4b5dd1f29}</UniqueIdentifier>
    </Filter>
    <Filter Include="Generated Files">
      <UniqueIdentifier>{529a6b10-b03e-4da8-9cdc-1894f3f48f4c}</UniqueIdentifier>
    </Filter>
    <Filter Include="Forms">
      <UniqueIdentifier>{05d8cfbc-ffed-4983-9281-e57a2cb9ef0d}</UniqueIdentifier>
    </Filter>
    <Filter Include="ThirdParty">
      <UniqueIdentifier>{17f62183-e857-4ce4-b39d-026f1566be2d}</UniqueIdentifier>
    </Filter>
    <Filter Include="ThirdParty\SpoutGL">
      <UniqueIdentifier>{6597b076-2df0-45e3-a717-fe0e0b9c9d3e}</UniqueIdentifier>
    </Filter>
    <Filter Include="Shaders">
      <UniqueIdentifier>{0b4090fa-0e45-44cc-a9ea-9e98c41ad1df}</UniqueIdentifier>
    </Filter>
    <Filter Include="Shaders\Scene3D">
      <UniqueIdentifier>{7c3a1f22-9d84-4e5b-b1c6-30f9de20a611}</UniqueIdentifier>
    </Filter>
    <Filter Include="Shaders\Scene">
      <UniqueIdentifier>{e529f3dd-bc50-4154-8495-f41f7b17e760}</UniqueIdentifier>
    </Filter>
    <Filter Include="Shaders\Combine">
      <UniqueIdentifier>{389f641d-137e-49b1-8292-7b9c2d3ef029}</UniqueIdentifier>
    </Filter>
    <Filter Include="Shaders\Blend">
      <UniqueIdentifier>{2cbfe523-84e8-4dee-a547-b19fa868ab46}</UniqueIdentifier>
    </Filter>
    <Filter Include="Configurations">
      <UniqueIdentifier>{9d68de70-045d-4d3e-8d11-f104ed92f882}</UniqueIdentifier>
    </Filter>
  </ItemGroup>
  <ItemGroup>
    <ClCompile Include="Source\Configuration.cpp">
      <Filter>Source Files</Filter>
    </ClCompile>
    <ClCompile Include="Source\AudioAnalyzer.cpp">
      <Filter>Source Files</Filter>
    </ClCompile>
    <ClCompile Include="Source\EffectShader.cpp">
      <Filter>Source Files</Filter>
    </ClCompile>
    <ClCompile Include="Source\filterShader.cpp">
      <Filter>Source Files</Filter>
    </ClCompile>
    <ClCompile Include="Source\ComputeFX.cpp">
      <Filter>Source Files</Filter>
    </ClCompile>
    <ClCompile Include="Source\glcore.cpp">
      <Filter>Source Files</Filter>
    </ClCompile>
    <ClCompile Include="Source\glwidget.cpp">
      <Filter>Source Files</Filter>
    </ClCompile>
    <ClCompile Include="Source\main.cpp">
      <Filter>Source Files</Filter>
    </ClCompile>
    <ClCompile Include="Source\mesh.cpp">
      <Filter>Source Files</Filter>
    </ClCompile>
    <ClCompile Include="Source\MidiInput.cpp">
      <Filter>Source Files</Filter>
    </ClCompile>
    <ClCompile Include="Source\NowPlaying.cpp">
      <Filter>Source Files</Filter>
    </ClCompile>
    <ClCompile Include="Source\Recorder.cpp">
      <Filter>Source Files</Filter>
    </ClCompile>
    <ClCompile Include="Source\GpuSims.cpp">
      <Filter>Source Files</Filter>
    </ClCompile>
    <ClCompile Include="Source\PresentPass.cpp">
      <Filter>Source Files</Filter>
    </ClCompile>
    <ClCompile Include="Source\SceneScheduler.cpp">
      <Filter>Source Files</Filter>
    </ClCompile>
    <ClCompile Include="Source\TrackMedia.cpp">
      <Filter>Source Files</Filter>
    </ClCompile>
    <ClCompile Include="moc\moc_AudioAnalyzer.cpp">
      <Filter>Generated Files</Filter>
    </ClCompile>
    <ClCompile Include="moc\moc_glwidget.cpp">
      <Filter>Generated Files</Filter>
    </ClCompile>
    <ClCompile Include="moc\moc_QMyWindow.cpp">
      <Filter>Generated Files</Filter>
    </ClCompile>
    <ClCompile Include="Source\QMyWindow.cpp">
      <Filter>Source Files</Filter>
    </ClCompile>
    <ClCompile Include="Source\shader_setup.cpp">
      <Filter>Source Files</Filter>
    </ClCompile>
    <ClCompile Include="Source\ExprEval.cpp">
      <Filter>Source Files</Filter>
    </ClCompile>
    <ClCompile Include="Source\Scene3DShader.cpp">
      <Filter>Source Files</Filter>
    </ClCompile>
    <ClCompile Include="Source\VideoIn.cpp">
      <Filter>Source Files</Filter>
    </ClCompile>
    <ClCompile Include="Source\SpoutIn.cpp">
      <Filter>Source Files</Filter>
    </ClCompile>
    <ClCompile Include="Source\SpoutOut.cpp">
      <Filter>Source Files</Filter>
    </ClCompile>
    <ClCompile Include="ThirdParty\SpoutGL\Spout.cpp">
      <Filter>ThirdParty\SpoutGL</Filter>
    </ClCompile>
    <ClCompile Include="ThirdParty\SpoutGL\SpoutCopy.cpp">
      <Filter>ThirdParty\SpoutGL</Filter>
    </ClCompile>
    <ClCompile Include="ThirdParty\SpoutGL\SpoutDirectX.cpp">
      <Filter>ThirdParty\SpoutGL</Filter>
    </ClCompile>
    <ClCompile Include="ThirdParty\SpoutGL\SpoutFrameCount.cpp">
      <Filter>ThirdParty\SpoutGL</Filter>
    </ClCompile>
    <ClCompile Include="ThirdParty\SpoutGL\SpoutGL.cpp">
      <Filter>ThirdParty\SpoutGL</Filter>
    </ClCompile>
    <ClCompile Include="ThirdParty\SpoutGL\SpoutGLextensions.cpp">
      <Filter>ThirdParty\SpoutGL</Filter>
    </ClCompile>
    <ClCompile Include="ThirdParty\SpoutGL\SpoutSenderNames.cpp">
      <Filter>ThirdParty\SpoutGL</Filter>
    </ClCompile>
    <ClCompile Include="ThirdParty\SpoutGL\SpoutSharedMemory.cpp">
      <Filter>ThirdParty\SpoutGL</Filter>
    </ClCompile>
    <ClCompile Include="ThirdParty\SpoutGL\SpoutUtils.cpp">
      <Filter>ThirdParty\SpoutGL</Filter>
    </ClCompile>
    <ClCompile Include="Source\textfile.cpp">
      <Filter>Source Files</Filter>
    </ClCompile>
    <ClCompile Include="Source\TextureEffectKaleidoscopeBase.cpp">
      <Filter>Source Files</Filter>
    </ClCompile>
    <ClCompile Include="Source\Uniform.cpp">
      <Filter>Source Files</Filter>
    </ClCompile>
    <ClCompile Include="Source\Utils.cpp">
      <Filter>Source Files</Filter>
    </ClCompile>
    <ClCompile Include="Source\Vector3D.cpp">
      <Filter>Source Files</Filter>
    </ClCompile>
    <ClCompile Include="Source\WebRemote.cpp">
      <Filter>Source Files</Filter>
    </ClCompile>
  </ItemGroup>
  <ItemGroup>
    <ClInclude Include="Source\Configuration.h">
      <Filter>Header Files</Filter>
    </ClInclude>
    <ClInclude Include="Source\AudioFeatures.h">
      <Filter>Header Files</Filter>
    </ClInclude>
    <ClInclude Include="Source\EffectShader.h">
      <Filter>Header Files</Filter>
    </ClInclude>
    <ClInclude Include="Source\ComputeFX.h">
      <Filter>Header Files</Filter>
    </ClInclude>
    <ClInclude Include="Source\glcore.h">
      <Filter>Header Files</Filter>
    </ClInclude>
    <ClInclude Include="Source\filterShader.h">
      <Filter>Header Files</Filter>
    </ClInclude>
    <ClInclude Include="Source\mainwindow.h">
      <Filter>Header Files</Filter>
    </ClInclude>
    <ClInclude Include="Source\mesh.h">
      <Filter>Header Files</Filter>
    </ClInclude>
    <ClInclude Include="Source\ExprEval.h">
      <Filter>Header Files</Filter>
    </ClInclude>
    <ClInclude Include="Source\Scene3DShader.h">
      <Filter>Header Files</Filter>
    </ClInclude>
    <ClInclude Include="Source\VideoIn.h">
      <Filter>Header Files</Filter>
    </ClInclude>
    <ClInclude Include="Source\SpoutIn.h">
      <Filter>Header Files</Filter>
    </ClInclude>
    <ClInclude Include="Source\shader_setup.h">
      <Filter>Header Files</Filter>
    </ClInclude>
    <ClInclude Include="Source\stdinc.h">
      <Filter>Header Files</Filter>
    </ClInclude>
    <ClInclude Include="Source\textfile.h">
      <Filter>Header Files</Filter>
    </ClInclude>
    <ClInclude Include="Source\TextureEffectKaleidoscopeBase.h">
      <Filter>Header Files</Filter>
    </ClInclude>
    <ClInclude Include="Source\Uniform.h">
      <Filter>Header Files</Filter>
    </ClInclude>
    <ClInclude Include="Source\Utils.h">
      <Filter>Header Files</Filter>
    </ClInclude>
    <ClInclude Include="Source\Vector3D.h">
      <Filter>Header Files</Filter>
    </ClInclude>
    <ClInclude Include="Source\Vector4D.h">
      <Filter>Header Files</Filter>
    </ClInclude>
  </ItemGroup>
  <ItemGroup>
    <CustomBuild Include="Source\AudioAnalyzer.h">
      <Filter>Header Files</Filter>
    </CustomBuild>
    <CustomBuild Include="Source\glwidget.h">
      <Filter>Header Files</Filter>
    </CustomBuild>
    <CustomBuild Include="Source\QMyWindow.h">
      <Filter>Header Files</Filter>
    </CustomBuild>
    <CustomBuild Include="Source\mainwindow.ui">
      <Filter>Forms</Filter>
    </CustomBuild>
  </ItemGroup>
  <ItemGroup>
    <None Include="Scene\Aurora.frag">
      <Filter>Shaders\Scene</Filter>
    </None>
    <None Include="Scene\BauhausGeo.frag">
      <Filter>Shaders\Scene</Filter>
    </None>
    <None Include="Scene\BeatLattice.frag">
      <Filter>Shaders\Scene</Filter>
    </None>
    <None Include="Scene\BreathingFractal.frag">
      <Filter>Shaders\Scene</Filter>
    </None>
    <None Include="Scene\BreathingFractalNoir.frag">
      <Filter>Shaders\Scene</Filter>
    </None>
    <None Include="Scene\BreathingFractalZoom.frag">
      <Filter>Shaders\Scene</Filter>
    </None>
    <None Include="Scene\Bubble.frag">
      <Filter>Shaders\Scene</Filter>
    </None>
    <None Include="Scene\ChromeDreams.frag">
      <Filter>Shaders\Scene</Filter>
    </None>
    <None Include="Scene\CityBokeh.frag">
      <Filter>Shaders\Scene</Filter>
    </None>
    <None Include="Scene\CurlAurora.frag">
      <Filter>Shaders\Scene</Filter>
    </None>
    <None Include="Scene\DarkAmbientTunnel.frag">
      <Filter>Shaders\Scene</Filter>
    </None>
    <None Include="Scene\DiscoGodrays.frag">
      <Filter>Shaders\Scene</Filter>
    </None>
    <None Include="Scene\DroneDepths.frag">
      <Filter>Shaders\Scene</Filter>
    </None>
    <None Include="Scene\FlowingWires.frag">
      <Filter>Shaders\Scene</Filter>
    </None>
    <None Include="Scene\Fluid.frag">
      <Filter>Shaders\Scene</Filter>
    </None>
    <None Include="Scene\FractalBloom.frag">
      <Filter>Shaders\Scene</Filter>
    </None>
    <None Include="Scene\FractalKIFS.frag">
      <Filter>Shaders\Scene</Filter>
    </None>
    <None Include="Scene\HarmonicRings.frag">
      <Filter>Shaders\Scene</Filter>
    </None>
    <None Include="Scene\HexKaleido.frag">
      <Filter>Shaders\Scene</Filter>
    </None>
    <None Include="Scene\HyperCube.frag">
      <Filter>Shaders\Scene</Filter>
    </None>
    <None Include="Scene\InkWater.frag">
      <Filter>Shaders\Scene</Filter>
    </None>
    <None Include="Scene\InsideSystem.frag">
      <Filter>Shaders\Scene</Filter>
    </None>
    <None Include="Scene\Kaleidoscope.frag">
      <Filter>Shaders\Scene</Filter>
    </None>
    <None Include="Scene\LavaLamp.frag">
      <Filter>Shaders\Scene</Filter>
    </None>
    <None Include="Scene\Metamorph.frag">
      <Filter>Shaders\Scene</Filter>
    </None>
    <None Include="Scene\MobiusOrbs.frag">
      <Filter>Shaders\Scene</Filter>
    </None>
    <None Include="Scene\NeonTubes.frag">
      <Filter>Shaders\Scene</Filter>
    </None>
    <None Include="Scene\NoiseSpiral.frag">
      <Filter>Shaders\Scene</Filter>
    </None>
    <None Include="Scene\OilProjector.frag">
      <Filter>Shaders\Scene</Filter>
    </None>
    <None Include="Scene\OrganicFlow.frag">
      <Filter>Shaders\Scene</Filter>
    </None>
    <None Include="Scene\PlasmaFlow.frag">
      <Filter>Shaders\Scene</Filter>
    </None>
    <None Include="Scene\PsychedelicPills.frag">
      <Filter>Shaders\Scene</Filter>
    </None>
    <None Include="Scene\RaymarchTunnel.frag">
      <Filter>Shaders\Scene</Filter>
    </None>
    <None Include="Scene\ReactionDiffusion.frag">
      <Filter>Shaders\Scene</Filter>
    </None>
    <None Include="Scene\Physarum.frag">
      <Filter>Shaders\Scene</Filter>
    </None>
    <None Include="Scene\Rorschach.frag">
      <Filter>Shaders\Scene</Filter>
    </None>
    <None Include="Scene\Schlieren.frag">
      <Filter>Shaders\Scene</Filter>
    </None>
    <None Include="Scene\SelfSimilarity.frag">
      <Filter>Shaders\Scene</Filter>
    </None>
    <None Include="Scene\SpectrumRadial.frag">
      <Filter>Shaders\Scene</Filter>
    </None>
    <None Include="Scene\SphereGrid.frag">
      <Filter>Shaders\Scene</Filter>
    </None>
    <None Include="Scene\Starfield.frag">
      <Filter>Shaders\Scene</Filter>
    </None>
    <None Include="Scene\StereoSpectrum.frag">
      <Filter>Shaders\Scene</Filter>
    </None>
    <None Include="Scene\TextureEffectParallaxKaleidoscope.frag">
      <Filter>Shaders\Scene</Filter>
    </None>
    <None Include="Scene\TextureEffectParallaxKaleidoscopeTunnel.frag">
      <Filter>Shaders\Scene</Filter>
    </None>
    <None Include="Scene\TheCore.frag">
      <Filter>Shaders\Scene</Filter>
    </None>
    <None Include="Scene\Tunnel.frag">
      <Filter>Shaders\Scene</Filter>
    </None>
    <None Include="Scene\TunnelAcceleration.frag">
      <Filter>Shaders\Scene</Filter>
    </None>
    <None Include="Scene\TunnelPlain.frag">
      <Filter>Shaders\Scene</Filter>
    </None>
    <None Include="Scene\TunnelReverse.frag">
      <Filter>Shaders\Scene</Filter>
    </None>
    <None Include="Scene\VoronoiPulse.frag">
      <Filter>Shaders\Scene</Filter>
    </None>
    <None Include="Scene\Vortex.frag">
      <Filter>Shaders\Scene</Filter>
    </None>
    <None Include="Scene\Voyager.frag">
      <Filter>Shaders\Scene</Filter>
    </None>
    <None Include="Scene\HyperWarpTunnel.frag">
      <Filter>Shaders\Scene</Filter>
    </None>
    <None Include="Scene\VolumetricSupernova.frag">
      <Filter>Shaders\Scene</Filter>
    </None>
    <None Include="Scene\CrystalMirrorGrid.frag">
      <Filter>Shaders\Scene</Filter>
    </None>
    <None Include="Scene\FluidInkMarble.frag">
      <Filter>Shaders\Scene</Filter>
    </None>
    <None Include="Scene\CyberGridCity.frag">
      <Filter>Shaders\Scene</Filter>
    </None>
    <None Include="Scene\QuantumChromaField.frag">
      <Filter>Shaders\Scene</Filter>
    </None>
    <None Include="Scene\AbyssalLuminescence.frag">
      <Filter>Shaders\Scene</Filter>
    </None>
    <None Include="Scene\SolarFlareCorona.frag">
      <Filter>Shaders\Scene</Filter>
    </None>
    <None Include="Scene\GlitchMatrixHypercube.frag">
      <Filter>Shaders\Scene</Filter>
    </None>
    <None Include="Scene\BismuthLabyrinth.frag">
      <Filter>Shaders\Scene</Filter>
    </None>
    <None Include="Scene\NeonFluidDynamics.frag">
      <Filter>Shaders\Scene</Filter>
    </None>
    <None Include="Scene\StargateWormhole.frag">
      <Filter>Shaders\Scene</Filter>
    </None>
    <None Include="Scene\PrismaticKaleidoMandala.frag">
      <Filter>Shaders\Scene</Filter>
    </None>
    <None Include="Scene\ChromaAcidTrip.frag">
      <Filter>Shaders\Scene</Filter>
    </None>
    <None Include="Scene\SupermassiveAccretionDisk.frag">
      <Filter>Shaders\Scene</Filter>
    </None>
    <None Include="Scene\EscherRelativityMatrix.frag">
      <Filter>Shaders\Scene</Filter>
    </None>
    <None Include="Scene\MandelbulbHyperRealm.frag">
      <Filter>Shaders\Scene</Filter>
    </None>
    <None Include="Scene\HyperbolicHoneycombTessellation.frag">
      <Filter>Shaders\Scene</Filter>
    </None>
    <None Include="Scene\VolcanicLightningPlume.frag">
      <Filter>Shaders\Scene</Filter>
    </None>
    <None Include="Scene\PrismaticRainbowCloud.frag">
      <Filter>Shaders\Scene</Filter>
    </None>
    <None Include="Scene\PrismaticLaserVault.frag">
      <Filter>Shaders\Scene</Filter>
    </None>
    <None Include="Scene\CalabiYauManifold.frag">
      <Filter>Shaders\Scene</Filter>
    </None>
    <None Include="Scene\CliffordTorusKleinBottle.frag">
      <Filter>Shaders\Scene</Filter>
    </None>
    <None Include="Scene\PulsarMagnetosphereJets.frag">
      <Filter>Shaders\Scene</Filter>
    </None>
    <None Include="Scene\FerrofluidSpikeForest.frag">
      <Filter>Shaders\Scene</Filter>
    </None>
    <None Include="Scene\PlasmaLightningGlobe.frag">
      <Filter>Shaders\Scene</Filter>
    </None>
    <None Include="Scene\KerrNewmanSingularity.frag">
      <Filter>Shaders\Scene</Filter>
    </None>
    <None Include="Scene\BismuthHyperLabyrinth.frag">
      <Filter>Shaders\Scene</Filter>
    </None>
    <None Include="Scene\FerrofluidHexMatrix.frag">
      <Filter>Shaders\Scene</Filter>
    </None>
    <None Include="Scene\PrismaticSuperradiance.frag">
      <Filter>Shaders\Scene</Filter>
    </None>
    <None Include="Scene\HyperDimensionalTesseractTunnel.frag">
      <Filter>Shaders\Scene</Filter>
    </None>
    <None Include="Scene\NeutronStarMagnetarBurst.frag">
      <Filter>Shaders\Scene</Filter>
    </None>
    <None Include="Scene\LiquidCrystalOptics.frag">
      <Filter>Shaders\Scene</Filter>
    </None>
    <None Include="Scene\NonEuclideanHyperbolicMandala.frag">
      <Filter>Shaders\Scene</Filter>
    </None>
    <None Include="Scene\SuperradiantTokamakIgnition.frag">
      <Filter>Shaders\Scene</Filter>
    </None>
    <None Include="Scene\IridescentChitinMorpho.frag">
      <Filter>Shaders\Scene</Filter>
    </None>
    <None Include="Scene\GrapheneDiracPlasmonics.frag">
      <Filter>Shaders\Scene</Filter>
    </None>
    <None Include="Scene\SuperheatedCoronalLoop.frag">
      <Filter>Shaders\Scene</Filter>
    </None>
    <None Include="Scene\InfinitePhotoZoomAbyss.frag">
      <Filter>Shaders\Scene</Filter>
    </None>
    <None Include="Scene\StainedGlassCathedralCaustics.frag">
      <Filter>Shaders\Scene</Filter>
    </None>
    <None Include="Scene\OrigamiMirrorKaleidoscope.frag">
      <Filter>Shaders\Scene</Filter>
    </None>
    <None Include="Scene\FluidPhotoMarblingEbru.frag">
      <Filter>Shaders\Scene</Filter>
    </None>
    <None Include="Scene\PrismaticCrystalChamber.frag">
      <Filter>Shaders\Scene</Filter>
    </None>
    <None Include="Scene\KineticTileMosaicMatrix.frag">
      <Filter>Shaders\Scene</Filter>
    </None>
    <None Include="Scene\HyperbolicPoincareTunnel.frag">
      <Filter>Shaders\Scene</Filter>
    </None>
    <None Include="Scene\CyberHologramGlitchVoxel.frag">
      <Filter>Shaders\Scene</Filter>
    </None>
    <None Include="Scene\QuantumChromodynamicsGluonPlasma.frag">
      <Filter>Shaders\Scene</Filter>
    </None>
    <None Include="Scene\BioluminescentAbyssalTrenches.frag">
      <Filter>Shaders\Scene</Filter>
    </None>
    <None Include="Scene\NonEuclideanOctahedralLabyrinth.frag">
      <Filter>Shaders\Scene</Filter>
    </None>
    <None Include="Scene\MetamorphicLavaVortex.frag">
      <Filter>Shaders\Scene</Filter>
    </None>
    <None Include="Combine\CombineDarkRed.frag">
      <Filter>Shaders\Combine</Filter>
    </None>
    <None Include="Combine\CombineDeformationFlow.frag">
      <Filter>Shaders\Combine</Filter>
    </None>
    <None Include="Combine\CombineDroneWarp.frag">
      <Filter>Shaders\Combine</Filter>
    </None>
    <None Include="Combine\CombineGrey.frag">
      <Filter>Shaders\Combine</Filter>
    </None>
    <None Include="Combine\CombineHexagon.frag">
      <Filter>Shaders\Combine</Filter>
    </None>
    <None Include="Combine\CombineKaleidoscope.frag">
      <Filter>Shaders\Combine</Filter>
    </None>
    <None Include="Combine\CombineLens.frag">
      <Filter>Shaders\Combine</Filter>
    </None>
    <None Include="Combine\CombineLichtenstein.frag">
      <Filter>Shaders\Combine</Filter>
    </None>
    <None Include="Combine\CombineMulti.frag">
      <Filter>Shaders\Combine</Filter>
    </None>
    <None Include="Combine\CombineOilPaint.frag">
      <Filter>Shaders\Combine</Filter>
    </None>
    <None Include="Combine\CombineOilPaintFlow.frag">
      <Filter>Shaders\Combine</Filter>
    </None>
    <None Include="Combine\CombineParallax.frag">
      <Filter>Shaders\Combine</Filter>
    </None>
    <None Include="Combine\CombinePlain.frag">
      <Filter>Shaders\Combine</Filter>
    </None>
    <None Include="Combine\CombinePlaneFlight.frag">
      <Filter>Shaders\Combine</Filter>
    </None>
    <None Include="Combine\CombinePulse.frag">
      <Filter>Shaders\Combine</Filter>
    </None>
    <None Include="Combine\CombineRotate.frag">
      <Filter>Shaders\Combine</Filter>
    </None>
    <None Include="Combine\CombineShroom.frag">
      <Filter>Shaders\Combine</Filter>
    </None>
    <None Include="Combine\CombineSphere.frag">
      <Filter>Shaders\Combine</Filter>
    </None>
    <None Include="Combine\CombineWater.frag">
      <Filter>Shaders\Combine</Filter>
    </None>
    <None Include="Combine\CombineWater2.frag">
      <Filter>Shaders\Combine</Filter>
    </None>
    <None Include="Combine\CombineWave.frag">
      <Filter>Shaders\Combine</Filter>
    </None>
    <None Include="Blend\BloomBlur.frag">
      <Filter>Shaders\Blend</Filter>
    </None>
    <None Include="Blend\CombineShader.frag">
      <Filter>Shaders\Blend</Filter>
    </None>
    <None Include="Blend\default.frag">
      <Filter>Shaders\Blend</Filter>
    </None>
    <None Include="Blend\CfxBoidsGrid.comp">
      <Filter>Shaders\Blend</Filter>
    </None>
    <None Include="Blend\CfxBoidsInit.comp">
      <Filter>Shaders\Blend</Filter>
    </None>
    <None Include="Blend\CfxBoidsStep.comp">
      <Filter>Shaders\Blend</Filter>
    </None>
    <None Include="Blend\CfxFlame.comp">
      <Filter>Shaders\Blend</Filter>
    </None>
    <None Include="Blend\CfxNBodyInit.comp">
      <Filter>Shaders\Blend</Filter>
    </None>
    <None Include="Blend\CfxNBodyStep.comp">
      <Filter>Shaders\Blend</Filter>
    </None>
    <None Include="Blend\CfxParticleInit.comp">
      <Filter>Shaders\Blend</Filter>
    </None>
    <None Include="Blend\CfxParticleStep.comp">
      <Filter>Shaders\Blend</Filter>
    </None>
    <None Include="Blend\CfxResolve.comp">
      <Filter>Shaders\Blend</Filter>
    </None>
    <None Include="Scene\FractalFlame.frag">
      <Filter>Shaders\Scene</Filter>
    </None>
    <None Include="Scene\GalaxyCollision.frag">
      <Filter>Shaders\Scene</Filter>
    </None>
    <None Include="Scene\Murmuration.frag">
      <Filter>Shaders\Scene</Filter>
    </None>
    <None Include="Scene\ParticleFlow.frag">
      <Filter>Shaders\Scene</Filter>
    </None>
    <None Include="Blend\CfxCrystal.comp">
      <Filter>Shaders\Blend</Filter>
    </None>
    <None Include="Blend\CfxCrystalSeed.comp">
      <Filter>Shaders\Blend</Filter>
    </None>
    <None Include="Blend\CfxLightningSeed.comp">
      <Filter>Shaders\Blend</Filter>
    </None>
    <None Include="Blend\CfxLightningStep.comp">
      <Filter>Shaders\Blend</Filter>
    </None>
    <None Include="Blend\CfxPhoton.comp">
      <Filter>Shaders\Blend</Filter>
    </None>
    <None Include="Blend\CfxWave.comp">
      <Filter>Shaders\Blend</Filter>
    </None>
    <None Include="Scene\CausticPool.frag">
      <Filter>Shaders\Scene</Filter>
    </None>
    <None Include="Scene\CrystalGrowth.frag">
      <Filter>Shaders\Scene</Filter>
    </None>
    <None Include="Scene\LightningStorm.frag">
      <Filter>Shaders\Scene</Filter>
    </None>
    <None Include="Blend\CfxPixelSort.comp">
      <Filter>Shaders\Blend</Filter>
    </None>
    <None Include="Scene\PixelMelt.frag">
      <Filter>Shaders\Scene</Filter>
    </None>
    <None Include="Blend\CfxFFT.comp">
      <Filter>Shaders\Blend</Filter>
    </None>
    <None Include="Blend\CfxFFTLoad.comp">
      <Filter>Shaders\Blend</Filter>
    </None>
    <None Include="Blend\CfxFFTMask.comp">
      <Filter>Shaders\Blend</Filter>
    </None>
    <None Include="Blend\CfxFFTStore.comp">
      <Filter>Shaders\Blend</Filter>
    </None>
    <None Include="Scene\SpectrumFilter.frag">
      <Filter>Shaders\Scene</Filter>
    </None>
    <None Include="Blend\CfxErosion.comp">
      <Filter>Shaders\Blend</Filter>
    </None>
    <None Include="Blend\CfxErosionSeed.comp">
      <Filter>Shaders\Blend</Filter>
    </None>
    <None Include="Blend\CfxFerro.comp">
      <Filter>Shaders\Blend</Filter>
    </None>
    <None Include="Blend\CfxNSAdvect.comp">
      <Filter>Shaders\Blend</Filter>
    </None>
    <None Include="Blend\CfxNSDiv.comp">
      <Filter>Shaders\Blend</Filter>
    </None>
    <None Include="Blend\CfxNSJacobi.comp">
      <Filter>Shaders\Blend</Filter>
    </None>
    <None Include="Blend\CfxNSProject.comp">
      <Filter>Shaders\Blend</Filter>
    </None>
    <None Include="Scene\ErodedLand.frag">
      <Filter>Shaders\Scene</Filter>
    </None>
    <None Include="Scene\FerroSpikes.frag">
      <Filter>Shaders\Scene</Filter>
    </None>
    <None Include="Scene\InkTank.frag">
      <Filter>Shaders\Scene</Filter>
    </None>
    <None Include="Blend\CfxCloth.comp">
      <Filter>Shaders\Blend</Filter>
    </None>
    <None Include="Blend\CfxClothInit.comp">
      <Filter>Shaders\Blend</Filter>
    </None>
    <None Include="Blend\CfxMetalStep.comp">
      <Filter>Shaders\Blend</Filter>
    </None>
    <None Include="Blend\CfxShardInit.comp">
      <Filter>Shaders\Blend</Filter>
    </None>
    <None Include="Blend\CfxShardStep.comp">
      <Filter>Shaders\Blend</Filter>
    </None>
    <None Include="Scene\ClothDrape.frag">
      <Filter>Shaders\Scene</Filter>
    </None>
    <None Include="Scene\LiquidMetal.frag">
      <Filter>Shaders\Scene</Filter>
    </None>
    <None Include="Scene\ShatterField.frag">
      <Filter>Shaders\Scene</Filter>
    </None>
    <None Include="Blend\CfxHistogram.comp">
      <Filter>Shaders\Blend</Filter>
    </None>
    <None Include="Scene\EventHorizon.frag">
      <Filter>Shaders\Scene</Filter>
    </None>
    <None Include="Blend\IndirectClamp.comp">
      <Filter>Shaders\Blend</Filter>
    </None>
    <None Include="Combine\CombineDepthField.frag">
      <Filter>Shaders\Combine</Filter>
    </None>
    <None Include="Combine\CombineSunShafts.frag">
      <Filter>Shaders\Combine</Filter>
    </None>
    <None Include="Combine\CombineAmbientOcclusion.frag">
      <Filter>Shaders\Combine</Filter>
    </None>
    <None Include="Combine\CombineDepthFog.frag">
      <Filter>Shaders\Combine</Filter>
    </None>
    <None Include="Blend\OitResolve.frag">
      <Filter>Shaders\Blend</Filter>
    </None>
    <None Include="Scene\Halftone.frag">
      <Filter>Shaders\Scene</Filter>
    </None>
    <None Include="Scene\Snowfall.frag">
      <Filter>Shaders\Scene</Filter>
    </None>
    <None Include="Scene\Tonnetz.frag">
      <Filter>Shaders\Scene</Filter>
    </None>
    <None Include="Scene\VoronoiShatter.frag">
      <Filter>Shaders\Scene</Filter>
    </None>
    <None Include="Combine\CombineEdgeInk.frag">
      <Filter>Shaders\Combine</Filter>
    </None>
    <None Include="Combine\CombineHeatShimmer.frag">
      <Filter>Shaders\Combine</Filter>
    </None>
    <None Include="Combine\CombineRimLight.frag">
      <Filter>Shaders\Combine</Filter>
    </None>
    <None Include="Combine\CombineWiggle.frag">
      <Filter>Shaders\Combine</Filter>
    </None>
    <None Include="Scene\IceCrack.frag">
      <Filter>Shaders\Scene</Filter>
    </None>
    <None Include="Blend\Blit.frag">
      <Filter>Shaders\Blend</Filter>
    </None>
    <None Include="Blend\Fullscreen.vert">
      <Filter>Shaders\Blend</Filter>
    </None>
    <None Include="Blend\PhysarumDiffuse.comp">
      <Filter>Shaders\Blend</Filter>
    </None>
    <None Include="Blend\Feedback.frag">
      <Filter>Shaders\Blend</Filter>
    </None>
    <None Include="Blend\StereoMix.frag">
      <Filter>Shaders\Blend</Filter>
    </None>
    <None Include="Blend\FluidSim.frag">
      <Filter>Shaders\Blend</Filter>
    </None>
    <None Include="Blend\PhysarumAgents.frag">
      <Filter>Shaders\Blend</Filter>
    </None>
    <None Include="Blend\PhysarumDeposit.frag">
      <Filter>Shaders\Blend</Filter>
    </None>
    <None Include="Blend\PhysarumDeposit.vert">
      <Filter>Shaders\Blend</Filter>
    </None>
    <None Include="Blend\PhysarumDiffuse.frag">
      <Filter>Shaders\Blend</Filter>
    </None>
    <None Include="Blend\Present.frag">
      <Filter>Shaders\Blend</Filter>
    </None>
    <None Include="Blend\ReactionDiffusionSim.frag">
      <Filter>Shaders\Blend</Filter>
    </None>
    <None Include="Blend\Smoke3DSim.frag">
      <Filter>Shaders\Blend</Filter>
    </None>
    <None Include="standard.vert">
      <Filter>Shaders</Filter>
    </None>
    <None Include="Scene3D\AsteroidBelt.frag">
      <Filter>Shaders\Scene3D</Filter>
    </None>
    <None Include="Scene3D\AuroraVeil.frag">
      <Filter>Shaders\Scene3D</Filter>
    </None>
    <None Include="Scene3D\BioCell.frag">
      <Filter>Shaders\Scene3D</Filter>
    </None>
    <None Include="Scene3D\BioCell.vert">
      <Filter>Shaders\Scene3D</Filter>
    </None>
    <None Include="Scene3D\CometRide.frag">
      <Filter>Shaders\Scene3D</Filter>
    </None>
    <None Include="Scene3D\ConcertCrowd.frag">
      <Filter>Shaders\Scene3D</Filter>
    </None>
    <None Include="Scene3D\ConcertCrowd.vert">
      <Filter>Shaders\Scene3D</Filter>
    </None>
    <None Include="Scene3D\CrystalGrowth.frag">
      <Filter>Shaders\Scene3D</Filter>
    </None>
    <None Include="Scene3D\CrystalGrowth.vert">
      <Filter>Shaders\Scene3D</Filter>
    </None>
    <None Include="Scene3D\SciFiHUD.frag">
      <Filter>Shaders\Scene3D</Filter>
    </None>
    <None Include="Scene3D\SciFiHUD.vert">
      <Filter>Shaders\Scene3D</Filter>
    </None>
    <None Include="Scene3D\StainedGlassRosette.frag">
      <Filter>Shaders\Scene3D</Filter>
    </None>
    <None Include="Scene3D\StainedGlassRosette.vert">
      <Filter>Shaders\Scene3D</Filter>
    </None>
    <None Include="Scene3D\Wormhole.frag">
      <Filter>Shaders\Scene3D</Filter>
    </None>
    <None Include="Scene3D\Wormhole.vert">
      <Filter>Shaders\Scene3D</Filter>
    </None>
    <None Include="Scene3D\CometRide.vert">
      <Filter>Shaders\Scene3D</Filter>
    </None>
    <None Include="Scene3D\DragonFlight.frag">
      <Filter>Shaders\Scene3D</Filter>
    </None>
    <None Include="Scene3D\DragonFlight.vert">
      <Filter>Shaders\Scene3D</Filter>
    </None>
    <None Include="Scene3D\GearWorks.frag">
      <Filter>Shaders\Scene3D</Filter>
    </None>
    <None Include="Scene3D\GearWorks.vert">
      <Filter>Shaders\Scene3D</Filter>
    </None>
    <None Include="Scene3D\MonolithField.frag">
      <Filter>Shaders\Scene3D</Filter>
    </None>
    <None Include="Scene3D\MonolithField.vert">
      <Filter>Shaders\Scene3D</Filter>
    </None>
    <None Include="Scene3D\OrbitalDrop.frag">
      <Filter>Shaders\Scene3D</Filter>
    </None>
    <None Include="Scene3D\OrbitalDrop.vert">
      <Filter>Shaders\Scene3D</Filter>
    </None>
    <None Include="Scene3D\RollerCoaster.frag">
      <Filter>Shaders\Scene3D</Filter>
    </None>
    <None Include="Scene3D\RollerCoaster.vert">
      <Filter>Shaders\Scene3D</Filter>
    </None>
    <None Include="Scene3D\ThunderCloud.frag">
      <Filter>Shaders\Scene3D</Filter>
    </None>
    <None Include="Scene3D\ThunderCloud.vert">
      <Filter>Shaders\Scene3D</Filter>
    </None>
    <None Include="Scene3D\TronCycles.frag">
      <Filter>Shaders\Scene3D</Filter>
    </None>
    <None Include="Scene3D\TronCycles.vert">
      <Filter>Shaders\Scene3D</Filter>
    </None>
    <None Include="Scene3D\VolcanoIsland.frag">
      <Filter>Shaders\Scene3D</Filter>
    </None>
    <None Include="Scene3D\VolcanoIsland.vert">
      <Filter>Shaders\Scene3D</Filter>
    </None>
    <None Include="Scene3D\VolumetricFire.frag">
      <Filter>Shaders\Scene3D</Filter>
    </None>
    <None Include="Scene3D\VolumetricFire.vert">
      <Filter>Shaders\Scene3D</Filter>
    </None>
    <None Include="Scene3D\AuroraVeil.vert">
      <Filter>Shaders\Scene3D</Filter>
    </None>
    <None Include="Scene3D\ChromeFlow.frag">
      <Filter>Shaders\Scene3D</Filter>
    </None>
    <None Include="Scene3D\ChromeFlow.vert">
      <Filter>Shaders\Scene3D</Filter>
    </None>
    <None Include="Scene3D\EchoSpiral.frag">
      <Filter>Shaders\Scene3D</Filter>
    </None>
    <None Include="Scene3D\EchoSpiral.vert">
      <Filter>Shaders\Scene3D</Filter>
    </None>
    <None Include="Scene3D\FireflyField.frag">
      <Filter>Shaders\Scene3D</Filter>
    </None>
    <None Include="Scene3D\FireflyField.vert">
      <Filter>Shaders\Scene3D</Filter>
    </None>
    <None Include="Scene3D\GyroRings.frag">
      <Filter>Shaders\Scene3D</Filter>
    </None>
    <None Include="Scene3D\GyroRings.vert">
      <Filter>Shaders\Scene3D</Filter>
    </None>
    <None Include="Scene3D\HarmonicStrings.frag">
      <Filter>Shaders\Scene3D</Filter>
    </None>
    <None Include="Scene3D\HarmonicStrings.vert">
      <Filter>Shaders\Scene3D</Filter>
    </None>
    <None Include="Scene3D\LissajousOrbits.frag">
      <Filter>Shaders\Scene3D</Filter>
    </None>
    <None Include="Scene3D\LissajousOrbits.vert">
      <Filter>Shaders\Scene3D</Filter>
    </None>
    <None Include="Scene3D\MandalaGrid.frag">
      <Filter>Shaders\Scene3D</Filter>
    </None>
    <None Include="Scene3D\MandalaGrid.vert">
      <Filter>Shaders\Scene3D</Filter>
    </None>
    <None Include="Scene3D\NebulaCloud.frag">
      <Filter>Shaders\Scene3D</Filter>
    </None>
    <None Include="Scene3D\NebulaCloud.vert">
      <Filter>Shaders\Scene3D</Filter>
    </None>
    <None Include="Scene3D\OrbitalShells.frag">
      <Filter>Shaders\Scene3D</Filter>
    </None>
    <None Include="Scene3D\OrbitalShells.vert">
      <Filter>Shaders\Scene3D</Filter>
    </None>
    <None Include="Scene3D\OscilloRings.frag">
      <Filter>Shaders\Scene3D</Filter>
    </None>
    <None Include="Scene3D\OscilloRings.vert">
      <Filter>Shaders\Scene3D</Filter>
    </None>
    <None Include="Scene3D\Phyllotaxis.frag">
      <Filter>Shaders\Scene3D</Filter>
    </None>
    <None Include="Scene3D\Phyllotaxis.vert">
      <Filter>Shaders\Scene3D</Filter>
    </None>
    <None Include="Scene3D\BloomSculpt.frag">
      <Filter>Shaders\Scene3D</Filter>
    </None>
    <None Include="Scene3D\BloomSculpt.tesc">
      <Filter>Shaders\Scene3D</Filter>
    </None>
    <None Include="Scene3D\BloomSculpt.tese">
      <Filter>Shaders\Scene3D</Filter>
    </None>
    <None Include="Scene3D\BloomSculpt.vert">
      <Filter>Shaders\Scene3D</Filter>
    </None>
    <None Include="Scene3D\CymaticsPlate.frag">
      <Filter>Shaders\Scene3D</Filter>
    </None>
    <None Include="Scene3D\CymaticsPlate.vert">
      <Filter>Shaders\Scene3D</Filter>
    </None>
    <None Include="Scene3D\Detonation.frag">
      <Filter>Shaders\Scene3D</Filter>
    </None>
    <None Include="Scene3D\Detonation.geom">
      <Filter>Shaders\Scene3D</Filter>
    </None>
    <None Include="Scene3D\Detonation.vert">
      <Filter>Shaders\Scene3D</Filter>
    </None>
    <None Include="Scene3D\GrassField.frag">
      <Filter>Shaders\Scene3D</Filter>
    </None>
    <None Include="Scene3D\GrassField.geom">
      <Filter>Shaders\Scene3D</Filter>
    </None>
    <None Include="Scene3D\GrassField.vert">
      <Filter>Shaders\Scene3D</Filter>
    </None>
    <None Include="Scene3D\Ocean.frag">
      <Filter>Shaders\Scene3D</Filter>
    </None>
    <None Include="Scene3D\Ocean.tesc">
      <Filter>Shaders\Scene3D</Filter>
    </None>
    <None Include="Scene3D\Ocean.tese">
      <Filter>Shaders\Scene3D</Filter>
    </None>
    <None Include="Scene3D\Ocean.vert">
      <Filter>Shaders\Scene3D</Filter>
    </None>
    <None Include="Scene3D\SpectroCanyon.frag">
      <Filter>Shaders\Scene3D</Filter>
    </None>
    <None Include="Scene3D\SpectroCanyon.tesc">
      <Filter>Shaders\Scene3D</Filter>
    </None>
    <None Include="Scene3D\SpectroCanyon.tese">
      <Filter>Shaders\Scene3D</Filter>
    </None>
    <None Include="Scene3D\SpectroCanyon.vert">
      <Filter>Shaders\Scene3D</Filter>
    </None>
    <None Include="Scene3D\MetaSculpt.frag">
      <Filter>Shaders\Scene3D</Filter>
    </None>
    <None Include="Scene3D\MetaSculpt.vert">
      <Filter>Shaders\Scene3D</Filter>
    </None>
    <None Include="Scene3D\MetaSculpt.comp">
      <Filter>Shaders\Scene3D</Filter>
    </None>
    <None Include="Scene3D\GrowthTree.comp">
      <Filter>Shaders\Scene3D</Filter>
    </None>
    <None Include="Scene3D\GrowthTree.frag">
      <Filter>Shaders\Scene3D</Filter>
    </None>
    <None Include="Scene3D\GrowthTree.vert">
      <Filter>Shaders\Scene3D</Filter>
    </None>
    <None Include="Scene3D\SpectrumCity.comp">
      <Filter>Shaders\Scene3D</Filter>
    </None>
    <None Include="Scene3D\SpectrumCity.frag">
      <Filter>Shaders\Scene3D</Filter>
    </None>
    <None Include="Scene3D\SpectrumCity.vert">
      <Filter>Shaders\Scene3D</Filter>
    </None>
    <None Include="Scene3D\Blueprint.frag">
      <Filter>Shaders\Scene3D</Filter>
    </None>
    <None Include="Scene3D\Blueprint.geom">
      <Filter>Shaders\Scene3D</Filter>
    </None>
    <None Include="Scene3D\Blueprint.vert">
      <Filter>Shaders\Scene3D</Filter>
    </None>
    <None Include="Scene3D\HairCurtain.frag">
      <Filter>Shaders\Scene3D</Filter>
    </None>
    <None Include="Scene3D\HairCurtain.geom">
      <Filter>Shaders\Scene3D</Filter>
    </None>
    <None Include="Scene3D\HairCurtain.vert">
      <Filter>Shaders\Scene3D</Filter>
    </None>
    <None Include="Scene3D\Magnetosphere.comp">
      <Filter>Shaders\Scene3D</Filter>
    </None>
    <None Include="Scene3D\Magnetosphere.frag">
      <Filter>Shaders\Scene3D</Filter>
    </None>
    <None Include="Scene3D\Magnetosphere.vert">
      <Filter>Shaders\Scene3D</Filter>
    </None>
    <None Include="Scene3D\PillarHall.frag">
      <Filter>Shaders\Scene3D</Filter>
    </None>
    <None Include="Scene3D\PillarHall.vert">
      <Filter>Shaders\Scene3D</Filter>
    </None>
    <None Include="Scene3D\GlassStack.frag">
      <Filter>Shaders\Scene3D</Filter>
    </None>
    <None Include="Scene3D\GlassStack.vert">
      <Filter>Shaders\Scene3D</Filter>
    </None>
    <None Include="Scene3D\FlowRibbons.comp">
      <Filter>Shaders\Scene3D</Filter>
    </None>
    <None Include="Scene3D\FlowRibbons.frag">
      <Filter>Shaders\Scene3D</Filter>
    </None>
    <None Include="Scene3D\FlowRibbons.vert">
      <Filter>Shaders\Scene3D</Filter>
    </None>
    <None Include="Scene3D\Skyburst.comp">
      <Filter>Shaders\Scene3D</Filter>
    </None>
    <None Include="Scene3D\Skyburst.frag">
      <Filter>Shaders\Scene3D</Filter>
    </None>
    <None Include="Scene3D\Skyburst.vert">
      <Filter>Shaders\Scene3D</Filter>
    </None>
    <None Include="Scene3D\Harmonograph.comp">
      <Filter>Shaders\Scene3D</Filter>
    </None>
    <None Include="Scene3D\Harmonograph.frag">
      <Filter>Shaders\Scene3D</Filter>
    </None>
    <None Include="Scene3D\Harmonograph.vert">
      <Filter>Shaders\Scene3D</Filter>
    </None>
    <None Include="Scene3D\SpectroWeave.comp">
      <Filter>Shaders\Scene3D</Filter>
    </None>
    <None Include="Scene3D\SpectroWeave.frag">
      <Filter>Shaders\Scene3D</Filter>
    </None>
    <None Include="Scene3D\SpectroWeave.vert">
      <Filter>Shaders\Scene3D</Filter>
    </None>
    <None Include="Scene3D\CoralGrowth.comp">
      <Filter>Shaders\Scene3D</Filter>
    </None>
    <None Include="Scene3D\CoralGrowth.frag">
      <Filter>Shaders\Scene3D</Filter>
    </None>
    <None Include="Scene3D\CoralGrowth.vert">
      <Filter>Shaders\Scene3D</Filter>
    </None>
    <None Include="Scene3D\Origami.comp">
      <Filter>Shaders\Scene3D</Filter>
    </None>
    <None Include="Scene3D\Origami.frag">
      <Filter>Shaders\Scene3D</Filter>
    </None>
    <None Include="Scene3D\Origami.vert">
      <Filter>Shaders\Scene3D</Filter>
    </None>
    <None Include="Scene3D\CathedralGlass.comp">
      <Filter>Shaders\Scene3D</Filter>
    </None>
    <None Include="Scene3D\CathedralGlass.frag">
      <Filter>Shaders\Scene3D</Filter>
    </None>
    <None Include="Scene3D\CathedralGlass.vert">
      <Filter>Shaders\Scene3D</Filter>
    </None>
    <None Include="Scene3D\SmokeHall.comp">
      <Filter>Shaders\Scene3D</Filter>
    </None>
    <None Include="Scene3D\SmokeHall.frag">
      <Filter>Shaders\Scene3D</Filter>
    </None>
    <None Include="Scene3D\SmokeHall.vert">
      <Filter>Shaders\Scene3D</Filter>
    </None>
    <None Include="Scene3D\ShadowForest.comp">
      <Filter>Shaders\Scene3D</Filter>
    </None>
    <None Include="Scene3D\ShadowForest.frag">
      <Filter>Shaders\Scene3D</Filter>
    </None>
    <None Include="Scene3D\ShadowForest.vert">
      <Filter>Shaders\Scene3D</Filter>
    </None>
    <None Include="Scene3D\DrumSkin.comp">
      <Filter>Shaders\Scene3D</Filter>
    </None>
    <None Include="Scene3D\DrumSkin.frag">
      <Filter>Shaders\Scene3D</Filter>
    </None>
    <None Include="Scene3D\DrumSkin.vert">
      <Filter>Shaders\Scene3D</Filter>
    </None>
    <None Include="Scene3D\VideoRelief.frag">
      <Filter>Shaders\Scene3D</Filter>
    </None>
    <None Include="Scene3D\VideoRelief.vert">
      <Filter>Shaders\Scene3D</Filter>
    </None>
    <None Include="Scene3D\FeatherStorm.comp">
      <Filter>Shaders\Scene3D</Filter>
    </None>
    <None Include="Scene3D\FeatherStorm.frag">
      <Filter>Shaders\Scene3D</Filter>
    </None>
    <None Include="Scene3D\FeatherStorm.vert">
      <Filter>Shaders\Scene3D</Filter>
    </None>
    <None Include="Scene3D\PrismExplode.comp">
      <Filter>Shaders\Scene3D</Filter>
    </None>
    <None Include="Scene3D\PrismExplode.frag">
      <Filter>Shaders\Scene3D</Filter>
    </None>
    <None Include="Scene3D\PrismExplode.vert">
      <Filter>Shaders\Scene3D</Filter>
    </None>
    <None Include="Scene3D\Planet4D.frag">
      <Filter>Shaders\Scene3D</Filter>
    </None>
    <None Include="Scene3D\Planet4D.vert">
      <Filter>Shaders\Scene3D</Filter>
    </None>
    <None Include="Scene3D\PlasmaSheet.frag">
      <Filter>Shaders\Scene3D</Filter>
    </None>
    <None Include="Scene3D\PlasmaSheet.vert">
      <Filter>Shaders\Scene3D</Filter>
    </None>
    <None Include="Scene3D\PolyDance.frag">
      <Filter>Shaders\Scene3D</Filter>
    </None>
    <None Include="Scene3D\PolyDance.vert">
      <Filter>Shaders\Scene3D</Filter>
    </None>
    <None Include="Scene3D\RainOnWater.frag">
      <Filter>Shaders\Scene3D</Filter>
    </None>
    <None Include="Scene3D\RainOnWater.vert">
      <Filter>Shaders\Scene3D</Filter>
    </None>
    <None Include="Scene3D\RoseOrbit.frag">
      <Filter>Shaders\Scene3D</Filter>
    </None>
    <None Include="Scene3D\RoseOrbit.vert">
      <Filter>Shaders\Scene3D</Filter>
    </None>
    <None Include="Scene3D\SineTunnel.frag">
      <Filter>Shaders\Scene3D</Filter>
    </None>
    <None Include="Scene3D\SineTunnel.vert">
      <Filter>Shaders\Scene3D</Filter>
    </None>
    <None Include="Scene3D\SnowDrift.frag">
      <Filter>Shaders\Scene3D</Filter>
    </None>
    <None Include="Scene3D\SnowDrift.vert">
      <Filter>Shaders\Scene3D</Filter>
    </None>
    <None Include="Scene3D\SpectralOrb.frag">
      <Filter>Shaders\Scene3D</Filter>
    </None>
    <None Include="Scene3D\SpectralOrb.vert">
      <Filter>Shaders\Scene3D</Filter>
    </None>
    <None Include="Scene3D\SpectralTorus.frag">
      <Filter>Shaders\Scene3D</Filter>
    </None>
    <None Include="Scene3D\SpectralTorus.vert">
      <Filter>Shaders\Scene3D</Filter>
    </None>
    <None Include="Scene3D\TorusKnot.frag">
      <Filter>Shaders\Scene3D</Filter>
    </None>
    <None Include="Scene3D\TorusKnot.vert">
      <Filter>Shaders\Scene3D</Filter>
    </None>
    <None Include="Scene3D\WaveRibbon.frag">
      <Filter>Shaders\Scene3D</Filter>
    </None>
    <None Include="Scene3D\WaveRibbon.vert">
      <Filter>Shaders\Scene3D</Filter>
    </None>
    <None Include="Scene3D\AsteroidBelt.vert">
      <Filter>Shaders\Scene3D</Filter>
    </None>
    <None Include="Scene3D\BillboardCity.frag">
      <Filter>Shaders\Scene3D</Filter>
    </None>
    <None Include="Scene3D\BillboardCity.vert">
      <Filter>Shaders\Scene3D</Filter>
    </None>
    <None Include="Scene3D\BlackHole.frag">
      <Filter>Shaders\Scene3D</Filter>
    </None>
    <None Include="Scene3D\BlackHole.vert">
      <Filter>Shaders\Scene3D</Filter>
    </None>
    <None Include="Scene3D\GalleryHall.frag">
      <Filter>Shaders\Scene3D</Filter>
    </None>
    <None Include="Scene3D\GalleryHall.vert">
      <Filter>Shaders\Scene3D</Filter>
    </None>
    <None Include="Scene3D\JellyBody.frag">
      <Filter>Shaders\Scene3D</Filter>
    </None>
    <None Include="Scene3D\JellyBody.vert">
      <Filter>Shaders\Scene3D</Filter>
    </None>
    <None Include="Scene3D\Jellyfish.frag">
      <Filter>Shaders\Scene3D</Filter>
    </None>
    <None Include="Scene3D\Jellyfish.vert">
      <Filter>Shaders\Scene3D</Filter>
    </None>
    <None Include="Scene3D\KaleidoDome.frag">
      <Filter>Shaders\Scene3D</Filter>
    </None>
    <None Include="Scene3D\KaleidoDome.vert">
      <Filter>Shaders\Scene3D</Filter>
    </None>
    <None Include="Scene3D\KelpForest.frag">
      <Filter>Shaders\Scene3D</Filter>
    </None>
    <None Include="Scene3D\KelpForest.vert">
      <Filter>Shaders\Scene3D</Filter>
    </None>
    <None Include="Scene3D\LanternRise.frag">
      <Filter>Shaders\Scene3D</Filter>
    </None>
    <None Include="Scene3D\LanternRise.vert">
      <Filter>Shaders\Scene3D</Filter>
    </None>
    <None Include="Scene3D\LaserArena.frag">
      <Filter>Shaders\Scene3D</Filter>
    </None>
    <None Include="Scene3D\LaserArena.vert">
      <Filter>Shaders\Scene3D</Filter>
    </None>
    <None Include="Scene3D\MelodyScript.frag">
      <Filter>Shaders\Scene3D</Filter>
    </None>
    <None Include="Scene3D\MelodyScript.vert">
      <Filter>Shaders\Scene3D</Filter>
    </None>
    <None Include="Scene3D\MeteorStorm.frag">
      <Filter>Shaders\Scene3D</Filter>
    </None>
    <None Include="Scene3D\MeteorStorm.vert">
      <Filter>Shaders\Scene3D</Filter>
    </None>
    <None Include="Scene3D\MosaicWave.frag">
      <Filter>Shaders\Scene3D</Filter>
    </None>
    <None Include="Scene3D\MosaicWave.vert">
      <Filter>Shaders\Scene3D</Filter>
    </None>
    <None Include="Scene3D\OceanNight.frag">
      <Filter>Shaders\Scene3D</Filter>
    </None>
    <None Include="Scene3D\OceanNight.vert">
      <Filter>Shaders\Scene3D</Filter>
    </None>
    <None Include="Scene3D\PhotoCarousel.frag">
      <Filter>Shaders\Scene3D</Filter>
    </None>
    <None Include="Scene3D\PhotoCarousel.vert">
      <Filter>Shaders\Scene3D</Filter>
    </None>
    <None Include="Scene3D\PhotoShatter.frag">
      <Filter>Shaders\Scene3D</Filter>
    </None>
    <None Include="Scene3D\PhotoShatter.vert">
      <Filter>Shaders\Scene3D</Filter>
    </None>
    <None Include="Scene3D\PhotoSphere.frag">
      <Filter>Shaders\Scene3D</Filter>
    </None>
    <None Include="Scene3D\PhotoSphere.vert">
      <Filter>Shaders\Scene3D</Filter>
    </None>
    <None Include="Scene3D\PhotoTunnel.frag">
      <Filter>Shaders\Scene3D</Filter>
    </None>
    <None Include="Scene3D\PhotoTunnel.vert">
      <Filter>Shaders\Scene3D</Filter>
    </None>
    <None Include="Scene3D\PhotoVortex.frag">
      <Filter>Shaders\Scene3D</Filter>
    </None>
    <None Include="Scene3D\PhotoVortex.vert">
      <Filter>Shaders\Scene3D</Filter>
    </None>
    <None Include="Scene3D\SilkPhoto.frag">
      <Filter>Shaders\Scene3D</Filter>
    </None>
    <None Include="Scene3D\SilkPhoto.vert">
      <Filter>Shaders\Scene3D</Filter>
    </None>
    <None Include="Scene3D\SpectrumArena.frag">
      <Filter>Shaders\Scene3D</Filter>
    </None>
    <None Include="Scene3D\SpectrumArena.vert">
      <Filter>Shaders\Scene3D</Filter>
    </None>
    <None Include="Scene3D\SpiralArray.frag">
      <Filter>Shaders\Scene3D</Filter>
    </None>
    <None Include="Scene3D\SpiralArray.vert">
      <Filter>Shaders\Scene3D</Filter>
    </None>
    <None Include="Scene3D\Tornado.frag">
      <Filter>Shaders\Scene3D</Filter>
    </None>
    <None Include="Scene3D\Tornado.vert">
      <Filter>Shaders\Scene3D</Filter>
    </None>
    <None Include="Scene3D\CrystalCave.frag">
      <Filter>Shaders\Scene3D</Filter>
    </None>
    <None Include="Scene3D\CrystalCave.vert">
      <Filter>Shaders\Scene3D</Filter>
    </None>
    <None Include="Scene3D\Fireworks.frag">
      <Filter>Shaders\Scene3D</Filter>
    </None>
    <None Include="Scene3D\Fireworks.vert">
      <Filter>Shaders\Scene3D</Filter>
    </None>
    <None Include="Scene3D\HelixTower.frag">
      <Filter>Shaders\Scene3D</Filter>
    </None>
    <None Include="Scene3D\HelixTower.vert">
      <Filter>Shaders\Scene3D</Filter>
    </None>
    <None Include="Scene3D\PlanetRings.frag">
      <Filter>Shaders\Scene3D</Filter>
    </None>
    <None Include="Scene3D\PlanetRings.vert">
      <Filter>Shaders\Scene3D</Filter>
    </None>
    <None Include="Scene3D\PortalRush.frag">
      <Filter>Shaders\Scene3D</Filter>
    </None>
    <None Include="Scene3D\PortalRush.vert">
      <Filter>Shaders\Scene3D</Filter>
    </None>
    <None Include="Scene3D\StrangeAttractor.frag">
      <Filter>Shaders\Scene3D</Filter>
    </None>
    <None Include="Scene3D\StrangeAttractor.vert">
      <Filter>Shaders\Scene3D</Filter>
    </None>
    <None Include="Scene3D\Swarm.frag">
      <Filter>Shaders\Scene3D</Filter>
    </None>
    <None Include="Scene3D\Swarm.vert">
      <Filter>Shaders\Scene3D</Filter>
    </None>
    <None Include="Scene3D\SynthTerrain.frag">
      <Filter>Shaders\Scene3D</Filter>
    </None>
    <None Include="Scene3D\SynthTerrain.vert">
      <Filter>Shaders\Scene3D</Filter>
    </None>
    <None Include="Scene3D\WarpStars.frag">
      <Filter>Shaders\Scene3D</Filter>
    </None>
    <None Include="Scene3D\WarpStars.vert">
      <Filter>Shaders\Scene3D</Filter>
    </None>
    <None Include="Scene3D\CubeWave.frag">
      <Filter>Shaders\Scene3D</Filter>
    </None>
    <None Include="Scene3D\CubeWave.vert">
      <Filter>Shaders\Scene3D</Filter>
    </None>
    <None Include="Scene3D\ParticleGalaxy.frag">
      <Filter>Shaders\Scene3D</Filter>
    </None>
    <None Include="Scene3D\ParticleGalaxy.vert">
      <Filter>Shaders\Scene3D</Filter>
    </None>
    <None Include="Scene3D\RibbonTunnel.frag">
      <Filter>Shaders\Scene3D</Filter>
    </None>
    <None Include="Scene3D\RibbonTunnel.vert">
      <Filter>Shaders\Scene3D</Filter>
    </None>
    <None Include="Scene3D\CosmicBoidsVortex.vert">
      <Filter>Shaders\Scene3D</Filter>
    </None>
    <None Include="Scene3D\CosmicBoidsVortex.frag">
      <Filter>Shaders\Scene3D</Filter>
    </None>
    <None Include="Scene3D\SuperconductorLevitation.vert">
      <Filter>Shaders\Scene3D</Filter>
    </None>
    <None Include="Scene3D\SuperconductorLevitation.frag">
      <Filter>Shaders\Scene3D</Filter>
    </None>
    <None Include="Scene3D\CyberRibbonHighway.vert">
      <Filter>Shaders\Scene3D</Filter>
    </None>
    <None Include="Scene3D\CyberRibbonHighway.frag">
      <Filter>Shaders\Scene3D</Filter>
    </None>
    <None Include="Scene3D\NeuroSynapseNetwork.vert">
      <Filter>Shaders\Scene3D</Filter>
    </None>
    <None Include="Scene3D\NeuroSynapseNetwork.frag">
      <Filter>Shaders\Scene3D</Filter>
    </None>
    <None Include="Scene3D\CrystalMonoliths.vert">
      <Filter>Shaders\Scene3D</Filter>
    </None>
    <None Include="Scene3D\CrystalMonoliths.frag">
      <Filter>Shaders\Scene3D</Filter>
    </None>
    <None Include="Scene3D\PlasmaVortexGrid.vert">
      <Filter>Shaders\Scene3D</Filter>
    </None>
    <None Include="Scene3D\PlasmaVortexGrid.frag">
      <Filter>Shaders\Scene3D</Filter>
    </None>
    <None Include="Scene3D\LaserSpireArray.vert">
      <Filter>Shaders\Scene3D</Filter>
    </None>
    <None Include="Scene3D\LaserSpireArray.geom">
      <Filter>Shaders\Scene3D</Filter>
    </None>
    <None Include="Scene3D\LaserSpireArray.frag">
      <Filter>Shaders\Scene3D</Filter>
    </None>
    <None Include="Scene3D\CrystalShatterBurst.vert">
      <Filter>Shaders\Scene3D</Filter>
    </None>
    <None Include="Scene3D\CrystalShatterBurst.geom">
      <Filter>Shaders\Scene3D</Filter>
    </None>
    <None Include="Scene3D\CrystalShatterBurst.frag">
      <Filter>Shaders\Scene3D</Filter>
    </None>
    <None Include="Scene3D\BioluminescentSwarm.comp">
      <Filter>Shaders\Scene3D</Filter>
    </None>
    <None Include="Scene3D\BioluminescentSwarm.vert">
      <Filter>Shaders\Scene3D</Filter>
    </None>
    <None Include="Scene3D\BioluminescentSwarm.frag">
      <Filter>Shaders\Scene3D</Filter>
    </None>
    <None Include="Scene3D\QuantumVortexField.comp">
      <Filter>Shaders\Scene3D</Filter>
    </None>
    <None Include="Scene3D\QuantumVortexField.vert">
      <Filter>Shaders\Scene3D</Filter>
    </None>
    <None Include="Scene3D\QuantumVortexField.frag">
      <Filter>Shaders\Scene3D</Filter>
    </None>
    <None Include="Scene3D\GlacierTessellation.vert">
      <Filter>Shaders\Scene3D</Filter>
    </None>
    <None Include="Scene3D\GlacierTessellation.tesc">
      <Filter>Shaders\Scene3D</Filter>
    </None>
    <None Include="Scene3D\GlacierTessellation.tese">
      <Filter>Shaders\Scene3D</Filter>
    </None>
    <None Include="Scene3D\GlacierTessellation.frag">
      <Filter>Shaders\Scene3D</Filter>
    </None>
    <None Include="Scene3D\TokamakFusionCore.comp">
      <Filter>Shaders\Scene3D</Filter>
    </None>
    <None Include="Scene3D\TokamakFusionCore.vert">
      <Filter>Shaders\Scene3D</Filter>
    </None>
    <None Include="Scene3D\TokamakFusionCore.frag">
      <Filter>Shaders\Scene3D</Filter>
    </None>
    <None Include="Scene3D\QuantumWavepacketCollapse.vert">
      <Filter>Shaders\Scene3D</Filter>
    </None>
    <None Include="Scene3D\QuantumWavepacketCollapse.frag">
      <Filter>Shaders\Scene3D</Filter>
    </None>
    <None Include="Scene3D\HolographicMemoryCore.vert">
      <Filter>Shaders\Scene3D</Filter>
    </None>
    <None Include="Scene3D\HolographicMemoryCore.frag">
      <Filter>Shaders\Scene3D</Filter>
    </None>
    <None Include="Scene3D\CyberVoxelTerraform.vert">
      <Filter>Shaders\Scene3D</Filter>
    </None>
    <None Include="Scene3D\CyberVoxelTerraform.frag">
      <Filter>Shaders\Scene3D</Filter>
    </None>
    <None Include="Scene3D\DeepSeaVentsEcosystem.comp">
      <Filter>Shaders\Scene3D</Filter>
    </None>
    <None Include="Scene3D\DeepSeaVentsEcosystem.vert">
      <Filter>Shaders\Scene3D</Filter>
    </None>
    <None Include="Scene3D\DeepSeaVentsEcosystem.frag">
      <Filter>Shaders\Scene3D</Filter>
    </None>
    <None Include="Scene3D\MyceliumNeuralPulse.comp">
      <Filter>Shaders\Scene3D</Filter>
    </None>
    <None Include="Scene3D\MyceliumNeuralPulse.vert">
      <Filter>Shaders\Scene3D</Filter>
    </None>
    <None Include="Scene3D\MyceliumNeuralPulse.frag">
      <Filter>Shaders\Scene3D</Filter>
    </None>
    <None Include="Scene3D\CoralReefFluorescence.vert">
      <Filter>Shaders\Scene3D</Filter>
    </None>
    <None Include="Scene3D\CoralReefFluorescence.frag">
      <Filter>Shaders\Scene3D</Filter>
    </None>
    <None Include="Scene3D\HopfFibrationToruses.vert">
      <Filter>Shaders\Scene3D</Filter>
    </None>
    <None Include="Scene3D\HopfFibrationToruses.frag">
      <Filter>Shaders\Scene3D</Filter>
    </None>
    <None Include="Scene3D\AuroraBorealisOverFjord.vert">
      <Filter>Shaders\Scene3D</Filter>
    </None>
    <None Include="Scene3D\AuroraBorealisOverFjord.tesc">
      <Filter>Shaders\Scene3D</Filter>
    </None>
    <None Include="Scene3D\AuroraBorealisOverFjord.tese">
      <Filter>Shaders\Scene3D</Filter>
    </None>
    <None Include="Scene3D\AuroraBorealisOverFjord.frag">
      <Filter>Shaders\Scene3D</Filter>
    </None>
    <None Include="Scene3D\LargeHadronCollision.vert">
      <Filter>Shaders\Scene3D</Filter>
    </None>
    <None Include="Scene3D\LargeHadronCollision.frag">
      <Filter>Shaders\Scene3D</Filter>
    </None>
    <None Include="Scene3D\SynchrotronRadiationRing.vert">
      <Filter>Shaders\Scene3D</Filter>
    </None>
    <None Include="Scene3D\SynchrotronRadiationRing.frag">
      <Filter>Shaders\Scene3D</Filter>
    </None>
    <None Include="Scene3D\KineticTesseractOrigami.vert">
      <Filter>Shaders\Scene3D</Filter>
    </None>
    <None Include="Scene3D\KineticTesseractOrigami.frag">
      <Filter>Shaders\Scene3D</Filter>
    </None>
    <None Include="Scene3D\JellyfishBioluminescenceAbyss.comp">
      <Filter>Shaders\Scene3D</Filter>
    </None>
    <None Include="Scene3D\JellyfishBioluminescenceAbyss.vert">
      <Filter>Shaders\Scene3D</Filter>
    </None>
    <None Include="Scene3D\JellyfishBioluminescenceAbyss.frag">
      <Filter>Shaders\Scene3D</Filter>
    </None>
    <None Include="Scene3D\CyberspaceDNAHelix.vert">
      <Filter>Shaders\Scene3D</Filter>
    </None>
    <None Include="Scene3D\CyberspaceDNAHelix.frag">
      <Filter>Shaders\Scene3D</Filter>
    </None>
    <None Include="Scene3D\BioluminescentForestCanopy.comp">
      <Filter>Shaders\Scene3D</Filter>
    </None>
    <None Include="Scene3D\BioluminescentForestCanopy.vert">
      <Filter>Shaders\Scene3D</Filter>
    </None>
    <None Include="Scene3D\BioluminescentForestCanopy.frag">
      <Filter>Shaders\Scene3D</Filter>
    </None>
    <None Include="Scene3D\DysonSwarmSolarHarvester.vert">
      <Filter>Shaders\Scene3D</Filter>
    </None>
    <None Include="Scene3D\DysonSwarmSolarHarvester.frag">
      <Filter>Shaders\Scene3D</Filter>
    </None>
    <None Include="Scene3D\SuperfluidHeliumVortexTurbulence.comp">
      <Filter>Shaders\Scene3D</Filter>
    </None>
    <None Include="Scene3D\SuperfluidHeliumVortexTurbulence.vert">
      <Filter>Shaders\Scene3D</Filter>
    </None>
    <None Include="Scene3D\SuperfluidHeliumVortexTurbulence.frag">
      <Filter>Shaders\Scene3D</Filter>
    </None>
    <None Include="Scene3D\ChladniAcousticPlate.vert">
      <Filter>Shaders\Scene3D</Filter>
    </None>
    <None Include="Scene3D\ChladniAcousticPlate.frag">
      <Filter>Shaders\Scene3D</Filter>
    </None>
    <None Include="Scene3D\QuantumQubitArray.vert">
      <Filter>Shaders\Scene3D</Filter>
    </None>
    <None Include="Scene3D\QuantumQubitArray.frag">
      <Filter>Shaders\Scene3D</Filter>
    </None>
    <None Include="Scene3D\LorenzAttractorTurbulence.vert">
      <Filter>Shaders\Scene3D</Filter>
    </None>
    <None Include="Scene3D\LorenzAttractorTurbulence.frag">
      <Filter>Shaders\Scene3D</Filter>
    </None>
    <None Include="Scene3D\StellarNurseryCollapse.vert">
      <Filter>Shaders\Scene3D</Filter>
    </None>
    <None Include="Scene3D\StellarNurseryCollapse.frag">
      <Filter>Shaders\Scene3D</Filter>
    </None>
    <None Include="Scene3D\SolarSailArmada.vert">
      <Filter>Shaders\Scene3D</Filter>
    </None>
    <None Include="Scene3D\SolarSailArmada.frag">
      <Filter>Shaders\Scene3D</Filter>
    </None>
    <None Include="Scene3D\BioluminescentOceanSwell.vert">
      <Filter>Shaders\Scene3D</Filter>
    </None>
    <None Include="Scene3D\BioluminescentOceanSwell.frag">
      <Filter>Shaders\Scene3D</Filter>
    </None>
    <None Include="Scene3D\CrystallineCavernTessellation.vert">
      <Filter>Shaders\Scene3D</Filter>
    </None>
    <None Include="Scene3D\CrystallineCavernTessellation.tesc">
      <Filter>Shaders\Scene3D</Filter>
    </None>
    <None Include="Scene3D\CrystallineCavernTessellation.tese">
      <Filter>Shaders\Scene3D</Filter>
    </None>
    <None Include="Scene3D\CrystallineCavernTessellation.frag">
      <Filter>Shaders\Scene3D</Filter>
    </None>
    <None Include="Scene3D\TeslaLightningTree.comp">
      <Filter>Shaders\Scene3D</Filter>
    </None>
    <None Include="Scene3D\TeslaLightningTree.vert">
      <Filter>Shaders\Scene3D</Filter>
    </None>
    <None Include="Scene3D\TeslaLightningTree.frag">
      <Filter>Shaders\Scene3D</Filter>
    </None>
    <None Include="Scene3D\SuperfluidVortexTangle.comp">
      <Filter>Shaders\Scene3D</Filter>
    </None>
    <None Include="Scene3D\SuperfluidVortexTangle.vert">
      <Filter>Shaders\Scene3D</Filter>
    </None>
    <None Include="Scene3D\SuperfluidVortexTangle.frag">
      <Filter>Shaders\Scene3D</Filter>
    </None>
    <None Include="Scene3D\DendriticSnowCrystal.comp">
      <Filter>Shaders\Scene3D</Filter>
    </None>
    <None Include="Scene3D\DendriticSnowCrystal.vert">
      <Filter>Shaders\Scene3D</Filter>
    </None>
    <None Include="Scene3D\DendriticSnowCrystal.frag">
      <Filter>Shaders\Scene3D</Filter>
    </None>
    <None Include="Scene3D\SolarWindMagnetosphere.vert">
      <Filter>Shaders\Scene3D</Filter>
    </None>
    <None Include="Scene3D\SolarWindMagnetosphere.frag">
      <Filter>Shaders\Scene3D</Filter>
    </None>
    <None Include="Scene3D\NeuralAxonSynapseCloud.vert">
      <Filter>Shaders\Scene3D</Filter>
    </None>
    <None Include="Scene3D\NeuralAxonSynapseCloud.frag">
      <Filter>Shaders\Scene3D</Filter>
    </None>
    <None Include="Scene3D\KineticMirrorHexagonArray.vert">
      <Filter>Shaders\Scene3D</Filter>
    </None>
    <None Include="Scene3D\KineticMirrorHexagonArray.frag">
      <Filter>Shaders\Scene3D</Filter>
    </None>
    <None Include="Scene3D\HypercubeLatticePillars.vert">
      <Filter>Shaders\Scene3D</Filter>
    </None>
    <None Include="Scene3D\HypercubeLatticePillars.frag">
      <Filter>Shaders\Scene3D</Filter>
    </None>
    <None Include="Scene3D\PlasmaFilamentTornado.comp">
      <Filter>Shaders\Scene3D</Filter>
    </None>
    <None Include="Scene3D\PlasmaFilamentTornado.vert">
      <Filter>Shaders\Scene3D</Filter>
    </None>
    <None Include="Scene3D\PlasmaFilamentTornado.frag">
      <Filter>Shaders\Scene3D</Filter>
    </None>
    <None Include="Scene3D\SuperconductingFluxVortex.comp">
      <Filter>Shaders\Scene3D</Filter>
    </None>
    <None Include="Scene3D\SuperconductingFluxVortex.vert">
      <Filter>Shaders\Scene3D</Filter>
    </None>
    <None Include="Scene3D\SuperconductingFluxVortex.frag">
      <Filter>Shaders\Scene3D</Filter>
    </None>
    <None Include="Configurations\Allround.xml">
      <Filter>Configurations</Filter>
    </None>
    <None Include="Configurations\Ambient.xml">
      <Filter>Configurations</Filter>
    </None>
    <None Include="Configurations\Club.xml">
      <Filter>Configurations</Filter>
    </None>
    <None Include="Configurations\Galerie.xml">
      <Filter>Configurations</Filter>
    </None>
    <None Include="Configurations\Komplett.xml">
      <Filter>Configurations</Filter>
    </None>
    <None Include="Configurations\Noir.xml">
      <Filter>Configurations</Filter>
    </None>
    <None Include="Configurations\Psychedelic.xml">
      <Filter>Configurations</Filter>
    </None>
  </ItemGroup>
</Project>
